// !$*UTF8*$!
{
	archiveVersion = 1;
	classes = {
	};
	objectVersion = 46;
	objects = {

/* Begin PBXBuildFile section */
		929751AF1C9FE2C2000E08EE /* main.m in Sources */ = {isa = PBXBuildFile; fileRef = 929751AE1C9FE2C2000E08EE /* main.m */; };
		929751B21C9FE2C2000E08EE /* AppDelegate.m in Sources */ = {isa = PBXBuildFile; fileRef = 929751B11C9FE2C2000E08EE /* AppDelegate.m */; };
		929751B51C9FE2C2000E08EE /* ViewController.m in Sources */ = {isa = PBXBuildFile; fileRef = 929751B41C9FE2C2000E08EE /* ViewController.m */; };
		929751B81C9FE2C2000E08EE /* Main.storyboard in Resources */ = {isa = PBXBuildFile; fileRef = 929751B61C9FE2C2000E08EE /* Main.storyboard */; };
		929751BA1C9FE2C2000E08EE /* Assets.xcassets in Resources */ = {isa = PBXBuildFile; fileRef = 929751B91C9FE2C2000E08EE /* Assets.xcassets */; };
		929751BD1C9FE2C2000E08EE /* LaunchScreen.storyboard in Resources */ = {isa = PBXBuildFile; fileRef = 929751BB1C9FE2C2000E08EE /* LaunchScreen.storyboard */; };
		929751C81C9FE2C2000E08EE /* __Tests.m in Sources */ = {isa = PBXBuildFile; fileRef = 929751C71C9FE2C2000E08EE /* __Tests.m */; };
		929751D31C9FE2C2000E08EE /* __UITests.m in Sources */ = {isa = PBXBuildFile; fileRef = 929751D21C9FE2C2000E08EE /* __UITests.m */; };
		929751E21C9FE2D2000E08EE /* 1.png in Resources */ = {isa = PBXBuildFile; fileRef = 929751E01C9FE2D2000E08EE /* 1.png */; };
		929751E31C9FE2D2000E08EE /* 2.png in Resources */ = {isa = PBXBuildFile; fileRef = 929751E11C9FE2D2000E08EE /* 2.png */; };
		92D62A131CA532180059F0D7 /* 8018.jpg in Resources */ = {isa = PBXBuildFile; fileRef = 92D62A121CA532180059F0D7 /* 8018.jpg */; };
/* End PBXBuildFile section */

/* Begin PBXContainerItemProxy section */
		929751C41C9FE2C2000E08EE /* PBXContainerItemProxy */ = {
			isa = PBXContainerItemProxy;
			containerPortal = 929751A21C9FE2C2000E08EE /* Project object */;
			proxyType = 1;
			remoteGlobalIDString = 929751A91C9FE2C2000E08EE;
			remoteInfo = "礼花";
		};
		929751CF1C9FE2C2000E08EE /* PBXContainerItemProxy */ = {
			isa = PBXContainerItemProxy;
			containerPortal = 929751A21C9FE2C2000E08EE /* Project object */;
			proxyType = 1;
			remoteGlobalIDString = 929751A91C9FE2C2000E08EE;
			remoteInfo = "礼花";
		};
/* End PBXContainerItemProxy section */

/* Begin PBXFileReference section */
		929751AA1C9FE2C2000E08EE /* 礼花.app */ = {isa = PBXFileReference; explicitFileType = wrapper.application; includeInIndex = 0; path = "礼花.app"; sourceTree = BUILT_PRODUCTS_DIR; };
		929751AE1C9FE2C2000E08EE /* main.m */ = {isa = PBXFileReference; lastKnownFileType = sourcecode.c.objc; path = main.m; sourceTree = "<group>"; };
		929751B01C9FE2C2000E08EE /* AppDelegate.h */ = {isa = PBXFileReference; lastKnownFileType = sourcecode.c.h; path = AppDelegate.h; sourceTree = "<group>"; };
		929751B11C9FE2C2000E08EE /* AppDelegate.m */ = {isa = PBXFileReference; lastKnownFileType = sourcecode.c.objc; path = AppDelegate.m; sourceTree = "<group>"; };
		929751B31C9FE2C2000E08EE /* ViewController.h */ = {isa = PBXFileReference; lastKnownFileType = sourcecode.c.h; path = ViewController.h; sourceTree = "<group>"; };
		929751B41C9FE2C2000E08EE /* ViewController.m */ = {isa = PBXFileReference; lastKnownFileType = sourcecode.c.objc; path = ViewController.m; sourceTree = "<group>"; };
		929751B71C9FE2C2000E08EE /* Base */ = {isa = PBXFileReference; lastKnownFileType = file.storyboard; name = Base; path = Base.lproj/Main.storyboard; sourceTree = "<group>"; };
		929751B91C9FE2C2000E08EE /* Assets.xcassets */ = {isa = PBXFileReference; lastKnownFileType = folder.assetcatalog; path = Assets.xcassets; sourceTree = "<group>"; };
		929751BC1C9FE2C2000E08EE /* Base */ = {isa = PBXFileReference; lastKnownFileType = file.storyboard; name = Base; path = Base.lproj/LaunchScreen.storyboard; sourceTree = "<group>"; };
		929751BE1C9FE2C2000E08EE /* Info.plist */ = {isa = PBXFileReference; lastKnownFileType = text.plist.xml; path = Info.plist; sourceTree = "<group>"; };
		929751C31C9FE2C2000E08EE /* 礼花Tests.xctest */ = {isa = PBXFileReference; explicitFileType = wrapper.cfbundle; includeInIndex = 0; path = "礼花Tests.xctest"; sourceTree = BUILT_PRODUCTS_DIR; };
		929751C71C9FE2C2000E08EE /* __Tests.m */ = {isa = PBXFileReference; lastKnownFileType = sourcecode.c.objc; path = __Tests.m; sourceTree = "<group>"; };
		929751C91C9FE2C2000E08EE /* Info.plist */ = {isa = PBXFileReference; lastKnownFileType = text.plist.xml; path = Info.plist; sourceTree = "<group>"; };
		929751CE1C9FE2C2000E08EE /* 礼花UITests.xctest */ = {isa = PBXFileReference; explicitFileType = wrapper.cfbundle; includeInIndex = 0; path = "礼花UITests.xctest"; sourceTree = BUILT_PRODUCTS_DIR; };
		929751D21C9FE2C2000E08EE /* __UITests.m */ = {isa = PBXFileReference; lastKnownFileType = sourcecode.c.objc; path = __UITests.m; sourceTree = "<group>"; };
		929751D41C9FE2C2000E08EE /* Info.plist */ = {isa = PBXFileReference; lastKnownFileType = text.plist.xml; path = Info.plist; sourceTree = "<group>"; };
		929751E01C9FE2D2000E08EE /* 1.png */ = {isa = PBXFileReference; lastKnownFileType = image.png; path = 1.png; sourceTree = "<group>"; };
		929751E11C9FE2D2000E08EE /* 2.png */ = {isa = PBXFileReference; lastKnownFileType = image.png; path = 2.png; sourceTree = "<group>"; };
		92D62A121CA532180059F0D7 /* 8018.jpg */ = {isa = PBXFileReference; lastKnownFileType = image.jpeg; path = 8018.jpg; sourceTree = "<group>"; };
/* End PBXFileReference section */

/* Begin PBXFrameworksBuildPhase section */
		929751A71C9FE2C2000E08EE /* Frameworks */ = {
			isa = PBXFrameworksBuildPhase;
			buildActionMask = 2147483647;
			files = (
			);
			runOnlyForDeploymentPostprocessing = 0;
		};
		929751C01C9FE2C2000E08EE /* Frameworks */ = {
			isa = PBXFrameworksBuildPhase;
			buildActionMask = 2147483647;
			files = (
			);
			runOnlyForDeploymentPostprocessing = 0;
		};
		929751CB1C9FE2C2000E08EE /* Frameworks */ = {
			isa = PBXFrameworksBuildPhase;
			buildActionMask = 2147483647;
			files = (
			);
			runOnlyForDeploymentPostprocessing = 0;
		};
/* End PBXFrameworksBuildPhase section */

/* Begin PBXGroup section */
		929751A11C9FE2C2000E08EE = {
			isa = PBXGroup;
			children = (
				929751AC1C9FE2C2000E08EE /* 礼花 */,
				929751C61C9FE2C2000E08EE /* 礼花Tests */,
				929751D11C9FE2C2000E08EE /* 礼花UITests */,
				929751AB1C9FE2C2000E08EE /* Products */,
			);
			sourceTree = "<group>";
		};
		929751AB1C9FE2C2000E08EE /* Products */ = {
			isa = PBXGroup;
			children = (
				929751AA1C9FE2C2000E08EE /* 礼花.app */,
				929751C31C9FE2C2000E08EE /* 礼花Tests.xctest */,
				929751CE1C9FE2C2000E08EE /* 礼花UITests.xctest */,
			);
			name = Products;
			sourceTree = "<group>";
		};
		929751AC1C9FE2C2000E08EE /* 礼花 */ = {
			isa = PBXGroup;
			children = (
				929751B01C9FE2C2000E08EE /* AppDelegate.h */,
				929751B11C9FE2C2000E08EE /* AppDelegate.m */,
				929751B31C9FE2C2000E08EE /* ViewController.h */,
				929751B41C9FE2C2000E08EE /* ViewController.m */,
				929751B61C9FE2C2000E08EE /* Main.storyboard */,
				929751B91C9FE2C2000E08EE /* Assets.xcassets */,
				929751E01C9FE2D2000E08EE /* 1.png */,
				929751E11C9FE2D2000E08EE /* 2.png */,
				92D62A121CA532180059F0D7 /* 8018.jpg */,
				929751BB1C9FE2C2000E08EE /* LaunchScreen.storyboard */,
				929751BE1C9FE2C2000E08EE /* Info.plist */,
				929751AD1C9FE2C2000E08EE /* Supporting Files */,
			);
			path = "礼花";
			sourceTree = "<group>";
		};
		929751AD1C9FE2C2000E08EE /* Supporting Files */ = {
			isa = PBXGroup;
			children = (
				929751AE1C9FE2C2000E08EE /* main.m */,
			);
			name = "Supporting Files";
			sourceTree = "<group>";
		};
		929751C61C9FE2C2000E08EE /* 礼花Tests */ = {
			isa = PBXGroup;
			children = (
				929751C71C9FE2C2000E08EE /* __Tests.m */,
				929751C91C9FE2C2000E08EE /* Info.plist */,
			);
			path = "礼花Tests";
			sourceTree = "<group>";
		};
		929751D11C9FE2C2000E08EE /* 礼花UITests */ = {
			isa = PBXGroup;
			children = (
				929751D21C9FE2C2000E08EE /* __UITests.m */,
				929751D41C9FE2C2000E08EE /* Info.plist */,
			);
			path = "礼花UITests";
			sourceTree = "<group>";
		};
/* End PBXGroup section */

/* Begin PBXNativeTarget section */
		929751A91C9FE2C2000E08EE /* 礼花 */ = {
			isa = PBXNativeTarget;
			buildConfigurationList = 929751D71C9FE2C2000E08EE /* Build configuration list for PBXNativeTarget "礼花" */;
			buildPhases = (
				929751A61C9FE2C2000E08EE /* Sources */,
				929751A71C9FE2C2000E08EE /* Frameworks */,
				929751A81C9FE2C2000E08EE /* Resources */,
			);
			buildRules = (
			);
			dependencies = (
			);
			name = "礼花";
			productName = "礼花";
			productReference = 929751AA1C9FE2C2000E08EE /* 礼花.app */;
			productType = "com.apple.product-type.application";
		};
		929751C21C9FE2C2000E08EE /* 礼花Tests */ = {
			isa = PBXNativeTarget;
			buildConfigurationList = 929751DA1C9FE2C2000E08EE /* Build configuration list for PBXNativeTarget "礼花Tests" */;
			buildPhases = (
				929751BF1C9FE2C2000E08EE /* Sources */,
				929751C01C9FE2C2000E08EE /* Frameworks */,
				929751C11C9FE2C2000E08EE /* Resources */,
			);
			buildRules = (
			);
			dependencies = (
				929751C51C9FE2C2000E08EE /* PBXTargetDependency */,
			);
			name = "礼花Tests";
			productName = "礼花Tests";
			productReference = 929751C31C9FE2C2000E08EE /* 礼花Tests.xctest */;
			productType = "com.apple.product-type.bundle.unit-test";
		};
		929751CD1C9FE2C2000E08EE /* 礼花UITests */ = {
			isa = PBXNativeTarget;
			buildConfigurationList = 929751DD1C9FE2C2000E08EE /* Build configuration list for PBXNativeTarget "礼花UITests" */;
			buildPhases = (
				929751CA1C9FE2C2000E08EE /* Sources */,
				929751CB1C9FE2C2000E08EE /* Frameworks */,
				929751CC1C9FE2C2000E08EE /* Resources */,
			);
			buildRules = (
			);
			dependencies = (
				929751D01C9FE2C2000E08EE /* PBXTargetDependency */,
			);
			name = "礼花UITests";
			productName = "礼花UITests";
			productReference = 929751CE1C9FE2C2000E08EE /* 礼花UITests.xctest */;
			productType = "com.apple.product-type.bundle.ui-testing";
		};
/* End PBXNativeTarget section */

/* Begin PBXProject section */
		929751A21C9FE2C2000E08EE /* Project object */ = {
			isa = PBXProject;
			attributes = {
				LastUpgradeCheck = 0720;
				ORGANIZATIONNAME = LiveStar;
				TargetAttributes = {
					929751A91C9FE2C2000E08EE = {
						CreatedOnToolsVersion = 7.2;
						DevelopmentTeam = 4VDPFYNK56;
					};
					929751C21C9FE2C2000E08EE = {
						CreatedOnToolsVersion = 7.2;
						DevelopmentTeam = ZPRFW6HFT6;
						TestTargetID = 929751A91C9FE2C2000E08EE;
					};
					929751CD1C9FE2C2000E08EE = {
						CreatedOnToolsVersion = 7.2;
						DevelopmentTeam = ZPRFW6HFT6;
						TestTargetID = 929751A91C9FE2C2000E08EE;
					};
				};
			};
			buildConfigurationList = 929751A51C9FE2C2000E08EE /* Build configuration list for PBXProject "礼花" */;
			compatibilityVersion = "Xcode 3.2";
			developmentRegion = English;
			hasScannedForEncodings = 0;
			knownRegions = (
				en,
				Base,
			);
			mainGroup = 929751A11C9FE2C2000E08EE;
			productRefGroup = 929751AB1C9FE2C2000E08EE /* Products */;
			projectDirPath = "";
			projectRoot = "";
			targets = (
				929751A91C9FE2C2000E08EE /* 礼花 */,
				929751C21C9FE2C2000E08EE /* 礼花Tests */,
				929751CD1C9FE2C2000E08EE /* 礼花UITests */,
			);
		};
/* End PBXProject section */

/* Begin PBXResourcesBuildPhase section */
		929751A81C9FE2C2000E08EE /* Resources */ = {
			isa = PBXResourcesBuildPhase;
			buildActionMask = 2147483647;
			files = (
				929751BD1C9FE2C2000E08EE /* LaunchScreen.storyboard in Resources */,
				929751E21C9FE2D2000E08EE /* 1.png in Resources */,
				929751E31C9FE2D2000E08EE /* 2.png in Resources */,
				929751BA1C9FE2C2000E08EE /* Assets.xcassets in Resources */,
				929751B81C9FE2C2000E08EE /* Main.storyboard in Resources */,
				92D62A131CA532180059F0D7 /* 8018.jpg in Resources */,
			);
			runOnlyForDeploymentPostprocessing = 0;
		};
		929751C11C9FE2C2000E08EE /* Resources */ = {
			isa = PBXResourcesBuildPhase;
			buildActionMask = 2147483647;
			files = (
			);
			runOnlyForDeploymentPostprocessing = 0;
		};
		929751CC1C9FE2C2000E08EE /* Resources */ = {
			isa = PBXResourcesBuildPhase;
			buildActionMask = 2147483647;
			files = (
			);
			runOnlyForDeploymentPostprocessing = 0;
		};
/* End PBXResourcesBuildPhase section */

/* Begin PBXSourcesBuildPhase section */
		929751A61C9FE2C2000E08EE /* Sources */ = {
			isa = PBXSourcesBuildPhase;
			buildActionMask = 2147483647;
			files = (
				929751B51C9FE2C2000E08EE /* ViewController.m in Sources */,
				929751B21C9FE2C2000E08EE /* AppDelegate.m in Sources */,
				929751AF1C9FE2C2000E08EE /* main.m in Sources */,
			);
			runOnlyForDeploymentPostprocessing = 0;
		};
		929751BF1C9FE2C2000E08EE /* Sources */ = {
			isa = PBXSourcesBuildPhase;
			buildActionMask = 2147483647;
			files = (
				929751C81C9FE2C2000E08EE /* __Tests.m in Sources */,
			);
			runOnlyForDeploymentPostprocessing = 0;
		};
		929751CA1C9FE2C2000E08EE /* Sources */ = {
			isa = PBXSourcesBuildPhase;
			buildActionMask = 2147483647;
			files = (
				929751D31C9FE2C2000E08EE /* __UITests.m in Sources */,
			);
			runOnlyForDeploymentPostprocessing = 0;
		};
/* End PBXSourcesBuildPhase section */

/* Begin PBXTargetDependency section */
		929751C51C9FE2C2000E08EE /* PBXTargetDependency */ = {
			isa = PBXTargetDependency;
			target = 929751A91C9FE2C2000E08EE /* 礼花 */;
			targetProxy = 929751C41C9FE2C2000E08EE /* PBXContainerItemProxy */;
		};
		929751D01C9FE2C2000E08EE /* PBXTargetDependency */ = {
			isa = PBXTargetDependency;
			target = 929751A91C9FE2C2000E08EE /* 礼花 */;
			targetProxy = 929751CF1C9FE2C2000E08EE /* PBXContainerItemProxy */;
		};
/* End PBXTargetDependency section */

/* Begin PBXVariantGroup section */
		929751B61C9FE2C2000E08EE /* Main.storyboard */ = {
			isa = PBXVariantGroup;
			children = (
				929751B71C9FE2C2000E08EE /* Base */,
			);
			name = Main.storyboard;
			sourceTree = "<group>";
		};
		929751BB1C9FE2C2000E08EE /* LaunchScreen.storyboard */ = {
			isa = PBXVariantGroup;
			children = (
				929751BC1C9FE2C2000E08EE /* Base */,
			);
			name = LaunchScreen.storyboard;
			sourceTree = "<group>";
		};
/* End PBXVariantGroup section */

/* Begin XCBuildConfiguration section */
		929751D51C9FE2C2000E08EE /* Debug */ = {
			isa = XCBuildConfiguration;
			buildSettings = {
				ALWAYS_SEARCH_USER_PATHS = NO;
				CLANG_CXX_LANGUAGE_STANDARD = "gnu++0x";
				CLANG_CXX_LIBRARY = "libc++";
				CLANG_ENABLE_MODULES = YES;
				CLANG_ENABLE_OBJC_ARC = YES;
				CLANG_WARN_BOOL_CONVERSION = YES;
				CLANG_WARN_CONSTANT_CONVERSION = YES;
				CLANG_WARN_DIRECT_OBJC_ISA_USAGE = YES_ERROR;
				CLANG_WARN_EMPTY_BODY = YES;
				CLANG_WARN_ENUM_CONVERSION = YES;
				CLANG_WARN_INT_CONVERSION = YES;
				CLANG_WARN_OBJC_ROOT_CLASS = YES_ERROR;
				CLANG_WARN_UNREACHABLE_CODE = YES;
				CLANG_WARN__DUPLICATE_METHOD_MATCH = YES;
				"CODE_SIGN_IDENTITY[sdk=iphoneos*]" = "iPhone Developer";
				COPY_PHASE_STRIP = NO;
				DEBUG_INFORMATION_FORMAT = dwarf;
				ENABLE_STRICT_OBJC_MSGSEND = YES;
				ENABLE_TESTABILITY = YES;
				GCC_C_LANGUAGE_STANDARD = gnu99;
				GCC_DYNAMIC_NO_PIC = NO;
				GCC_NO_COMMON_BLOCKS = YES;
				GCC_OPTIMIZATION_LEVEL = 0;
				GCC_PREPROCESSOR_DEFINITIONS = (
					"DEBUG=1",
					"$(inherited)",
				);
				GCC_WARN_64_TO_32_BIT_CONVERSION = YES;
				GCC_WARN_ABOUT_RETURN_TYPE = YES_ERROR;
				GCC_WARN_UNDECLARED_SELECTOR = YES;
				GCC_WARN_UNINITIALIZED_AUTOS = YES_AGGRESSIVE;
				GCC_WARN_UNUSED_FUNCTION = YES;
				GCC_WARN_UNUSED_VARIABLE = YES;
				IPHONEOS_DEPLOYMENT_TARGET = 9.2;
				MTL_ENABLE_DEBUG_INFO = YES;
				ONLY_ACTIVE_ARCH = YES;
				SDKROOT = iphoneos;
				TARGETED_DEVICE_FAMILY = "1,2";
			};
			name = Debug;
		};
		929751D61C9FE2C2000E08EE /* Release */ = {
			isa = XCBuildConfiguration;
			buildSettings = {
				ALWAYS_SEARCH_USER_PATHS = NO;
				CLANG_CXX_LANGUAGE_STANDARD = "gnu++0x";
				CLANG_CXX_LIBRARY = "libc++";
				CLANG_ENABLE_MODULES = YES;
				CLANG_ENABLE_OBJC_ARC = YES;
				CLANG_WARN_BOOL_CONVERSION = YES;
				CLANG_WARN_CONSTANT_CONVERSION = YES;
				CLANG_WARN_DIRECT_OBJC_ISA_USAGE = YES_ERROR;
				CLANG_WARN_EMPTY_BODY = YES;
				CLANG_WARN_ENUM_CONVERSION = YES;
				CLANG_WARN_INT_CONVERSION = YES;
				CLANG_WARN_OBJC_ROOT_CLASS = YES_ERROR;
				CLANG_WARN_UNREACHABLE_CODE = YES;
				CLANG_WARN__DUPLICATE_METHOD_MATCH = YES;
				"CODE_SIGN_IDENTITY[sdk=iphoneos*]" = "iPhone Developer";
				COPY_PHASE_STRIP = NO;
				DEBUG_INFORMATION_FORMAT = "dwarf-with-dsym";
				ENABLE_NS_ASSERTIONS = NO;
				ENABLE_STRICT_OBJC_MSGSEND = YES;
				GCC_C_LANGUAGE_STANDARD = gnu99;
				GCC_NO_COMMON_BLOCKS = YES;
				GCC_WARN_64_TO_32_BIT_CONVERSION = YES;
				GCC_WARN_ABOUT_RETURN_TYPE = YES_ERROR;
				GCC_WARN_UNDECLARED_SELECTOR = YES;
				GCC_WARN_UNINITIALIZED_AUTOS = YES_AGGRESSIVE;
				GCC_WARN_UNUSED_FUNCTION = YES;
				GCC_WARN_UNUSED_VARIABLE = YES;
				IPHONEOS_DEPLOYMENT_TARGET = 9.2;
				MTL_ENABLE_DEBUG_INFO = NO;
				SDKROOT = iphoneos;
				TARGETED_DEVICE_FAMILY = "1,2";
				VALIDATE_PRODUCT = YES;
			};
			name = Release;
		};
		929751D81C9FE2C2000E08EE /* Debug */ = {
			isa = XCBuildConfiguration;
			buildSettings = {
				ASSETCATALOG_COMPILER_APPICON_NAME = AppIcon;
				CODE_SIGN_IDENTITY = "iPhone Developer";
				INFOPLIST_FILE = "礼花/Info.plist";
				IPHONEOS_DEPLOYMENT_TARGET = 7.0;
				LD_RUNPATH_SEARCH_PATHS = "$(inherited) @executable_path/Frameworks";
				PRODUCT_BUNDLE_IDENTIFIER = "livestar.R2Games.--";
				PRODUCT_NAME = "$(TARGET_NAME)";
			};
			name = Debug;
		};
		929751D91C9FE2C2000E08EE /* Release */ = {
			isa = XCBuildConfiguration;
			buildSettings = {
				ASSETCATALOG_COMPILER_APPICON_NAME = AppIcon;
				CODE_SIGN_IDENTITY = "iPhone Developer";
				INFOPLIST_FILE = "礼花/Info.plist";
				IPHONEOS_DEPLOYMENT_TARGET = 7.0;
				LD_RUNPATH_SEARCH_PATHS = "$(inherited) @executable_path/Frameworks";
				PRODUCT_BUNDLE_IDENTIFIER = "livestar.R2Games.--";
				PRODUCT_NAME = "$(TARGET_NAME)";
			};
			name = Release;
		};
		929751DB1C9FE2C2000E08EE /* Debug */ = {
			isa = XCBuildConfiguration;
			buildSettings = {
				BUNDLE_LOADER = "$(TEST_HOST)";
				INFOPLIST_FILE = "礼花Tests/Info.plist";
				LD_RUNPATH_SEARCH_PATHS = "$(inherited) @executable_path/Frameworks @loader_path/Frameworks";
				PRODUCT_BUNDLE_IDENTIFIER = "livestar.R2Games.--Tests";
				PRODUCT_NAME = "$(TARGET_NAME)";
				TEST_HOST = "$(BUILT_PRODUCTS_DIR)/礼花.app/礼花";
			};
			name = Debug;
		};
		929751DC1C9FE2C2000E08EE /* Release */ = {
			isa = XCBuildConfiguration;
			buildSettings = {
				BUNDLE_LOADER = "$(TEST_HOST)";
				INFOPLIST_FILE = "礼花Tests/Info.plist";
				LD_RUNPATH_SEARCH_PATHS = "$(inherited) @executable_path/Frameworks @loader_path/Frameworks";
				PRODUCT_BUNDLE_IDENTIFIER = "livestar.R2Games.--Tests";
				PRODUCT_NAME = "$(TARGET_NAME)";
				TEST_HOST = "$(BUILT_PRODUCTS_DIR)/礼花.app/礼花";
			};
			name = Release;
		};
		929751DE1C9FE2C2000E08EE /* Debug */ = {
			isa = XCBuildConfiguration;
			buildSettings = {
				INFOPLIST_FILE = "礼花UITests/Info.plist";
				LD_RUNPATH_SEARCH_PATHS = "$(inherited) @executable_path/Frameworks @loader_path/Frameworks";
				PRODUCT_BUNDLE_IDENTIFIER = "livestar.R2Games.--UITests";
				PRODUCT_NAME = "$(TARGET_NAME)";
				TEST_TARGET_NAME = "礼花";
				USES_XCTRUNNER = YES;
			};
			name = Debug;
		};
		929751DF1C9FE2C2000E08EE /* Release */ = {
			isa = XCBuildConfiguration;
			buildSettings = {
				INFOPLIST_FILE = "礼花UITests/Info.plist";
				LD_RUNPATH_SEARCH_PATHS = "$(inherited) @executable_path/Frameworks @loader_path/Frameworks";
				PRODUCT_BUNDLE_IDENTIFIER = "livestar.R2Games.--UITests";
				PRODUCT_NAME = "$(TARGET_NAME)";
				TEST_TARGET_NAME = "礼花";
				USES_XCTRUNNER = YES;
			};
			name = Release;
		};
/* End XCBuildConfiguration section */

/* Begin XCConfigurationList section */
		929751A51C9FE2C2000E08EE /* Build configuration list for PBXProject "礼花" */ = {
			isa = XCConfigurationList;
			buildConfigurations = (
				929751D51C9FE2C2000E08EE /* Debug */,
				929751D61C9FE2C2000E08EE /* Release */,
			);
			defaultConfigurationIsVisible = 0;
			defaultConfigurationName = Release;
		};
		929751D71C9FE2C2000E08EE /* Build configuration list for PBXNativeTarget "礼花" */ = {
			isa = XCConfigurationList;
			buildConfigurations = (
				929751D81C9FE2C2000E08EE /* Debug */,
				929751D91C9FE2C2000E08EE /* Release */,
			);
			defaultConfigurationIsVisible = 0;
			defaultConfigurationName = Release;
		};
		929751DA1C9FE2C2000E08EE /* Build configuration list for PBXNativeTarget "礼花Tests" */ = {
			isa = XCConfigurationList;
			buildConfigurations = (
				929751DB1C9FE2C2000E08EE /* Debug */,
				929751DC1C9FE2C2000E08EE /* Release */,
			);
			defaultConfigurationIsVisible = 0;
			defaultConfigurationName = Release;
		};
		929751DD1C9FE2C2000E08EE /* Build configuration list for PBXNativeTarget "礼花UITests" */ = {
			isa = XCConfigurationList;
			buildConfigurations = (
				929751DE1C9FE2C2000E08EE /* Debug */,
				929751DF1C9FE2C2000E08EE /* Release */,
			);
			defaultConfigurationIsVisible = 0;
			defaultConfigurationName = Release;
		};
/* End XCConfigurationList section */
	};
	rootObject = 929751A21C9FE2C2000E08EE /* Project object */;
}
