// !$*UTF8*$!
{
	archiveVersion = 1;
	classes = {
	};
	objectVersion = 46;
	objects = {

/* Begin PBXBuildFile section */
		0AB8D0CF1CBB180000C36197 /* draw.m in Sources */ = {isa = PBXBuildFile; fileRef = 0AB8D0CE1CBB180000C36197 /* draw.m */; };
		0AB8D0D21CBB181D00C36197 /* paoCheViewController.m in Sources */ = {isa = PBXBuildFile; fileRef = 0AB8D0D11CBB181D00C36197 /* paoCheViewController.m */; };
		0AB8D1451CBB1A6100C36197 /* lambo-b1.png in Resources */ = {isa = PBXBuildFile; fileRef = 0AB8D0D51CBB1A6100C36197 /* lambo-b1.png */; };
		0AB8D1461CBB1A6100C36197 /* lambo-b2.png in Resources */ = {isa = PBXBuildFile; fileRef = 0AB8D0D61CBB1A6100C36197 /* lambo-b2.png */; };
		0AB8D1471CBB1A6100C36197 /* lambo-b3.png in Resources */ = {isa = PBXBuildFile; fileRef = 0AB8D0D71CBB1A6100C36197 /* lambo-b3.png */; };
		0AB8D1481CBB1A6100C36197 /* lambo-b4.png in Resources */ = {isa = PBXBuildFile; fileRef = 0AB8D0D81CBB1A6100C36197 /* lambo-b4.png */; };
		0AB8D1491CBB1A6100C36197 /* lambo-f1.png in Resources */ = {isa = PBXBuildFile; fileRef = 0AB8D0D91CBB1A6100C36197 /* lambo-f1.png */; };
		0AB8D14A1CBB1A6100C36197 /* lambo-f2.png in Resources */ = {isa = PBXBuildFile; fileRef = 0AB8D0DA1CBB1A6100C36197 /* lambo-f2.png */; };
		0AB8D14B1CBB1A6100C36197 /* lambo-f3.png in Resources */ = {isa = PBXBuildFile; fileRef = 0AB8D0DB1CBB1A6100C36197 /* lambo-f3.png */; };
		0AB8D14C1CBB1A6100C36197 /* lambo-f4.png in Resources */ = {isa = PBXBuildFile; fileRef = 0AB8D0DC1CBB1A6100C36197 /* lambo-f4.png */; };
		0AB8D14D1CBB1A6100C36197 /* lambo-light.png in Resources */ = {isa = PBXBuildFile; fileRef = 0AB8D0DD1CBB1A6100C36197 /* lambo-light.png */; };
		0AB8D14E1CBB1A6100C36197 /* lambo.png in Resources */ = {isa = PBXBuildFile; fileRef = 0AB8D0DE1CBB1A6100C36197 /* lambo.png */; };
		0AB8D14F1CBB1A6100C36197 /* porche-b1.png in Resources */ = {isa = PBXBuildFile; fileRef = 0AB8D0DF1CBB1A6100C36197 /* porche-b1.png */; };
		0AB8D1501CBB1A6100C36197 /* porche-b2.png in Resources */ = {isa = PBXBuildFile; fileRef = 0AB8D0E01CBB1A6100C36197 /* porche-b2.png */; };
		0AB8D1511CBB1A6100C36197 /* porche-b3.png in Resources */ = {isa = PBXBuildFile; fileRef = 0AB8D0E11CBB1A6100C36197 /* porche-b3.png */; };
		0AB8D1521CBB1A6100C36197 /* porche-b4.png in Resources */ = {isa = PBXBuildFile; fileRef = 0AB8D0E21CBB1A6100C36197 /* porche-b4.png */; };
		0AB8D1531CBB1A6100C36197 /* porche-f1.png in Resources */ = {isa = PBXBuildFile; fileRef = 0AB8D0E31CBB1A6100C36197 /* porche-f1.png */; };
		0AB8D1541CBB1A6100C36197 /* porche-f2.png in Resources */ = {isa = PBXBuildFile; fileRef = 0AB8D0E41CBB1A6100C36197 /* porche-f2.png */; };
		0AB8D1551CBB1A6100C36197 /* porche-f3.png in Resources */ = {isa = PBXBuildFile; fileRef = 0AB8D0E51CBB1A6100C36197 /* porche-f3.png */; };
		0AB8D1561CBB1A6100C36197 /* porche-f4.png in Resources */ = {isa = PBXBuildFile; fileRef = 0AB8D0E61CBB1A6100C36197 /* porche-f4.png */; };
		0AB8D1571CBB1A6100C36197 /* porche-light.png in Resources */ = {isa = PBXBuildFile; fileRef = 0AB8D0E71CBB1A6100C36197 /* porche-light.png */; };
		0AB8D1581CBB1A6100C36197 /* porche.png in Resources */ = {isa = PBXBuildFile; fileRef = 0AB8D0E81CBB1A6100C36197 /* porche.png */; };
		0AB8D1591CBB1A6100C36197 /* 1314-1.png in Resources */ = {isa = PBXBuildFile; fileRef = 0AB8D0EA1CBB1A6100C36197 /* 1314-1.png */; };
		0AB8D15A1CBB1A6100C36197 /* 1314-2.png in Resources */ = {isa = PBXBuildFile; fileRef = 0AB8D0EB1CBB1A6100C36197 /* 1314-2.png */; };
		0AB8D15B1CBB1A6100C36197 /* 1314-3.png in Resources */ = {isa = PBXBuildFile; fileRef = 0AB8D0EC1CBB1A6100C36197 /* 1314-3.png */; };
		0AB8D15C1CBB1A6100C36197 /* 1314-4.png in Resources */ = {isa = PBXBuildFile; fileRef = 0AB8D0ED1CBB1A6100C36197 /* 1314-4.png */; };
		0AB8D15D1CBB1A6100C36197 /* 1314-5.png in Resources */ = {isa = PBXBuildFile; fileRef = 0AB8D0EE1CBB1A6100C36197 /* 1314-5.png */; };
		0AB8D15E1CBB1A6100C36197 /* 1314-light.png in Resources */ = {isa = PBXBuildFile; fileRef = 0AB8D0EF1CBB1A6100C36197 /* 1314-light.png */; };
		0AB8D15F1CBB1A6100C36197 /* 1314-num.png in Resources */ = {isa = PBXBuildFile; fileRef = 0AB8D0F01CBB1A6100C36197 /* 1314-num.png */; };
		0AB8D1601CBB1A6100C36197 /* meteor_01.png in Resources */ = {isa = PBXBuildFile; fileRef = 0AB8D0F21CBB1A6100C36197 /* meteor_01.png */; };
		0AB8D1611CBB1A6100C36197 /* meteor_02.png in Resources */ = {isa = PBXBuildFile; fileRef = 0AB8D0F31CBB1A6100C36197 /* meteor_02.png */; };
		0AB8D1621CBB1A6100C36197 /* meteor_03.png in Resources */ = {isa = PBXBuildFile; fileRef = 0AB8D0F41CBB1A6100C36197 /* meteor_03.png */; };
		0AB8D1631CBB1A6100C36197 /* meteor_04.png in Resources */ = {isa = PBXBuildFile; fileRef = 0AB8D0F51CBB1A6100C36197 /* meteor_04.png */; };
		0AB8D1641CBB1A6100C36197 /* meteor_05.png in Resources */ = {isa = PBXBuildFile; fileRef = 0AB8D0F61CBB1A6100C36197 /* meteor_05.png */; };
		0AB8D1651CBB1A6100C36197 /* meteor_06.png in Resources */ = {isa = PBXBuildFile; fileRef = 0AB8D0F71CBB1A6100C36197 /* meteor_06.png */; };
		0AB8D1661CBB1A6100C36197 /* meteor_07.png in Resources */ = {isa = PBXBuildFile; fileRef = 0AB8D0F81CBB1A6100C36197 /* meteor_07.png */; };
		0AB8D1671CBB1A6100C36197 /* meteor_08.png in Resources */ = {isa = PBXBuildFile; fileRef = 0AB8D0F91CBB1A6100C36197 /* meteor_08.png */; };
		0AB8D1681CBB1A6100C36197 /* meteor_09.png in Resources */ = {isa = PBXBuildFile; fileRef = 0AB8D0FA1CBB1A6100C36197 /* meteor_09.png */; };
		0AB8D1691CBB1A6100C36197 /* meteor_10.png in Resources */ = {isa = PBXBuildFile; fileRef = 0AB8D0FB1CBB1A6100C36197 /* meteor_10.png */; };
		0AB8D16A1CBB1A6100C36197 /* meteor_11.png in Resources */ = {isa = PBXBuildFile; fileRef = 0AB8D0FC1CBB1A6100C36197 /* meteor_11.png */; };
		0AB8D16B1CBB1A6100C36197 /* meteor_12.png in Resources */ = {isa = PBXBuildFile; fileRef = 0AB8D0FD1CBB1A6100C36197 /* meteor_12.png */; };
		0AB8D16C1CBB1A6100C36197 /* meteor_13.png in Resources */ = {isa = PBXBuildFile; fileRef = 0AB8D0FE1CBB1A6100C36197 /* meteor_13.png */; };
		0AB8D16D1CBB1A6100C36197 /* meteor_14.png in Resources */ = {isa = PBXBuildFile; fileRef = 0AB8D0FF1CBB1A6100C36197 /* meteor_14.png */; };
		0AB8D16E1CBB1A6100C36197 /* meteor_after_01.png in Resources */ = {isa = PBXBuildFile; fileRef = 0AB8D1001CBB1A6100C36197 /* meteor_after_01.png */; };
		0AB8D16F1CBB1A6100C36197 /* meteor_after_02.png in Resources */ = {isa = PBXBuildFile; fileRef = 0AB8D1011CBB1A6100C36197 /* meteor_after_02.png */; };
		0AB8D1701CBB1A6100C36197 /* meteor_after_03.png in Resources */ = {isa = PBXBuildFile; fileRef = 0AB8D1021CBB1A6100C36197 /* meteor_after_03.png */; };
		0AB8D1711CBB1A6100C36197 /* meteor_after_04.png in Resources */ = {isa = PBXBuildFile; fileRef = 0AB8D1031CBB1A6100C36197 /* meteor_after_04.png */; };
		0AB8D1721CBB1A6100C36197 /* meteor_after_05.png in Resources */ = {isa = PBXBuildFile; fileRef = 0AB8D1041CBB1A6100C36197 /* meteor_after_05.png */; };
		0AB8D1731CBB1A6100C36197 /* meteor_after_06.png in Resources */ = {isa = PBXBuildFile; fileRef = 0AB8D1051CBB1A6100C36197 /* meteor_after_06.png */; };
		0AB8D1741CBB1A6100C36197 /* meteor_after_07.png in Resources */ = {isa = PBXBuildFile; fileRef = 0AB8D1061CBB1A6100C36197 /* meteor_after_07.png */; };
		0AB8D1751CBB1A6100C36197 /* meteor_after_08.png in Resources */ = {isa = PBXBuildFile; fileRef = 0AB8D1071CBB1A6100C36197 /* meteor_after_08.png */; };
		0AB8D1761CBB1A6100C36197 /* meteor_after_09.png in Resources */ = {isa = PBXBuildFile; fileRef = 0AB8D1081CBB1A6100C36197 /* meteor_after_09.png */; };
		0AB8D1771CBB1A6100C36197 /* meteor_after_10.png in Resources */ = {isa = PBXBuildFile; fileRef = 0AB8D1091CBB1A6100C36197 /* meteor_after_10.png */; };
		0AB8D1781CBB1A6100C36197 /* meteor_after_11.png in Resources */ = {isa = PBXBuildFile; fileRef = 0AB8D10A1CBB1A6100C36197 /* meteor_after_11.png */; };
		0AB8D1791CBB1A6100C36197 /* meteor_after_12.png in Resources */ = {isa = PBXBuildFile; fileRef = 0AB8D10B1CBB1A6100C36197 /* meteor_after_12.png */; };
		0AB8D17A1CBB1A6100C36197 /* meteor_after_13.png in Resources */ = {isa = PBXBuildFile; fileRef = 0AB8D10C1CBB1A6100C36197 /* meteor_after_13.png */; };
		0AB8D17B1CBB1A6100C36197 /* meteor_after_14.png in Resources */ = {isa = PBXBuildFile; fileRef = 0AB8D10D1CBB1A6100C36197 /* meteor_after_14.png */; };
		0AB8D17C1CBB1A6100C36197 /* meteor_after_15.png in Resources */ = {isa = PBXBuildFile; fileRef = 0AB8D10E1CBB1A6100C36197 /* meteor_after_15.png */; };
		0AB8D17D1CBB1A6100C36197 /* meteor_after_16.png in Resources */ = {isa = PBXBuildFile; fileRef = 0AB8D10F1CBB1A6100C36197 /* meteor_after_16.png */; };
		0AB8D17E1CBB1A6100C36197 /* meteor_after_17.png in Resources */ = {isa = PBXBuildFile; fileRef = 0AB8D1101CBB1A6100C36197 /* meteor_after_17.png */; };
		0AB8D17F1CBB1A6100C36197 /* meteor_after_18.png in Resources */ = {isa = PBXBuildFile; fileRef = 0AB8D1111CBB1A6100C36197 /* meteor_after_18.png */; };
		0AB8D1801CBB1A6100C36197 /* meteor_after_19.png in Resources */ = {isa = PBXBuildFile; fileRef = 0AB8D1121CBB1A6100C36197 /* meteor_after_19.png */; };
		0AB8D1811CBB1A6100C36197 /* meteor_after_20.png in Resources */ = {isa = PBXBuildFile; fileRef = 0AB8D1131CBB1A6100C36197 /* meteor_after_20.png */; };
		0AB8D1821CBB1A6100C36197 /* meteor_after_21.png in Resources */ = {isa = PBXBuildFile; fileRef = 0AB8D1141CBB1A6100C36197 /* meteor_after_21.png */; };
		0AB8D1831CBB1A6100C36197 /* meteor_after_22.png in Resources */ = {isa = PBXBuildFile; fileRef = 0AB8D1151CBB1A6100C36197 /* meteor_after_22.png */; };
		0AB8D1841CBB1A6100C36197 /* meteor_after_23.png in Resources */ = {isa = PBXBuildFile; fileRef = 0AB8D1161CBB1A6100C36197 /* meteor_after_23.png */; };
		0AB8D1851CBB1A6100C36197 /* meteor_after_24.png in Resources */ = {isa = PBXBuildFile; fileRef = 0AB8D1171CBB1A6100C36197 /* meteor_after_24.png */; };
		0AB8D1861CBB1A6100C36197 /* meteor_after_25.png in Resources */ = {isa = PBXBuildFile; fileRef = 0AB8D1181CBB1A6100C36197 /* meteor_after_25.png */; };
		0AB8D1871CBB1A6100C36197 /* meteor_after_26.png in Resources */ = {isa = PBXBuildFile; fileRef = 0AB8D1191CBB1A6100C36197 /* meteor_after_26.png */; };
		0AB8D1881CBB1A6100C36197 /* meteor_after_27.png in Resources */ = {isa = PBXBuildFile; fileRef = 0AB8D11A1CBB1A6100C36197 /* meteor_after_27.png */; };
		0AB8D1891CBB1A6100C36197 /* meteor_blink.png in Resources */ = {isa = PBXBuildFile; fileRef = 0AB8D11B1CBB1A6100C36197 /* meteor_blink.png */; };
		0AB8D18A1CBB1A6100C36197 /* plane-flower-1.png in Resources */ = {isa = PBXBuildFile; fileRef = 0AB8D11D1CBB1A6100C36197 /* plane-flower-1.png */; };
		0AB8D18B1CBB1A6100C36197 /* plane-flower-2.png in Resources */ = {isa = PBXBuildFile; fileRef = 0AB8D11E1CBB1A6100C36197 /* plane-flower-2.png */; };
		0AB8D18C1CBB1A6100C36197 /* plane-flower-3.png in Resources */ = {isa = PBXBuildFile; fileRef = 0AB8D11F1CBB1A6100C36197 /* plane-flower-3.png */; };
		0AB8D18D1CBB1A6100C36197 /* plane-flower-4.png in Resources */ = {isa = PBXBuildFile; fileRef = 0AB8D1201CBB1A6100C36197 /* plane-flower-4.png */; };
		0AB8D18E1CBB1A6100C36197 /* plane-flower-5.png in Resources */ = {isa = PBXBuildFile; fileRef = 0AB8D1211CBB1A6100C36197 /* plane-flower-5.png */; };
		0AB8D18F1CBB1A6100C36197 /* plane-flower-6.png in Resources */ = {isa = PBXBuildFile; fileRef = 0AB8D1221CBB1A6100C36197 /* plane-flower-6.png */; };
		0AB8D1901CBB1A6100C36197 /* plane-head.png in Resources */ = {isa = PBXBuildFile; fileRef = 0AB8D1231CBB1A6100C36197 /* plane-head.png */; };
		0AB8D1911CBB1A6100C36197 /* plane-light.png in Resources */ = {isa = PBXBuildFile; fileRef = 0AB8D1241CBB1A6100C36197 /* plane-light.png */; };
		0AB8D1921CBB1A6100C36197 /* plane-screw-1-1.png in Resources */ = {isa = PBXBuildFile; fileRef = 0AB8D1251CBB1A6100C36197 /* plane-screw-1-1.png */; };
		0AB8D1931CBB1A6100C36197 /* plane-screw-1-2.png in Resources */ = {isa = PBXBuildFile; fileRef = 0AB8D1261CBB1A6100C36197 /* plane-screw-1-2.png */; };
		0AB8D1941CBB1A6100C36197 /* plane-screw-1-3.png in Resources */ = {isa = PBXBuildFile; fileRef = 0AB8D1271CBB1A6100C36197 /* plane-screw-1-3.png */; };
		0AB8D1951CBB1A6100C36197 /* plane-screw-3-1.png in Resources */ = {isa = PBXBuildFile; fileRef = 0AB8D1281CBB1A6100C36197 /* plane-screw-3-1.png */; };
		0AB8D1961CBB1A6100C36197 /* plane-screw-3-2.png in Resources */ = {isa = PBXBuildFile; fileRef = 0AB8D1291CBB1A6100C36197 /* plane-screw-3-2.png */; };
		0AB8D1971CBB1A6100C36197 /* plane-screw-3-3.png in Resources */ = {isa = PBXBuildFile; fileRef = 0AB8D12A1CBB1A6100C36197 /* plane-screw-3-3.png */; };
		0AB8D1981CBB1A6100C36197 /* plane-screw-4-1.png in Resources */ = {isa = PBXBuildFile; fileRef = 0AB8D12B1CBB1A6100C36197 /* plane-screw-4-1.png */; };
		0AB8D1991CBB1A6100C36197 /* plane-screw-4-2.png in Resources */ = {isa = PBXBuildFile; fileRef = 0AB8D12C1CBB1A6100C36197 /* plane-screw-4-2.png */; };
		0AB8D19A1CBB1A6100C36197 /* plane-screw-4-3.png in Resources */ = {isa = PBXBuildFile; fileRef = 0AB8D12D1CBB1A6100C36197 /* plane-screw-4-3.png */; };
		0AB8D19B1CBB1A6100C36197 /* plane-tail.png in Resources */ = {isa = PBXBuildFile; fileRef = 0AB8D12E1CBB1A6100C36197 /* plane-tail.png */; };
		0AB8D19C1CBB1A6100C36197 /* rocket-fire-1.png in Resources */ = {isa = PBXBuildFile; fileRef = 0AB8D1301CBB1A6100C36197 /* rocket-fire-1.png */; };
		0AB8D19D1CBB1A6100C36197 /* rocket-fire-2.png in Resources */ = {isa = PBXBuildFile; fileRef = 0AB8D1311CBB1A6100C36197 /* rocket-fire-2.png */; };
		0AB8D19E1CBB1A6100C36197 /* rocket-fire-3.png in Resources */ = {isa = PBXBuildFile; fileRef = 0AB8D1321CBB1A6100C36197 /* rocket-fire-3.png */; };
		0AB8D19F1CBB1A6100C36197 /* rocket-fire-4.png in Resources */ = {isa = PBXBuildFile; fileRef = 0AB8D1331CBB1A6100C36197 /* rocket-fire-4.png */; };
		0AB8D1A01CBB1A6100C36197 /* rocket-fire-5.png in Resources */ = {isa = PBXBuildFile; fileRef = 0AB8D1341CBB1A6100C36197 /* rocket-fire-5.png */; };
		0AB8D1A11CBB1A6100C36197 /* rocket-fire-6.png in Resources */ = {isa = PBXBuildFile; fileRef = 0AB8D1351CBB1A6100C36197 /* rocket-fire-6.png */; };
		0AB8D1A21CBB1A6100C36197 /* rocket-smoke-1.png in Resources */ = {isa = PBXBuildFile; fileRef = 0AB8D1361CBB1A6100C36197 /* rocket-smoke-1.png */; };
		0AB8D1A31CBB1A6100C36197 /* rocket-smoke-10.png in Resources */ = {isa = PBXBuildFile; fileRef = 0AB8D1371CBB1A6100C36197 /* rocket-smoke-10.png */; };
		0AB8D1A41CBB1A6100C36197 /* rocket-smoke-11.png in Resources */ = {isa = PBXBuildFile; fileRef = 0AB8D1381CBB1A6100C36197 /* rocket-smoke-11.png */; };
		0AB8D1A51CBB1A6100C36197 /* rocket-smoke-12.png in Resources */ = {isa = PBXBuildFile; fileRef = 0AB8D1391CBB1A6100C36197 /* rocket-smoke-12.png */; };
		0AB8D1A61CBB1A6100C36197 /* rocket-smoke-13.png in Resources */ = {isa = PBXBuildFile; fileRef = 0AB8D13A1CBB1A6100C36197 /* rocket-smoke-13.png */; };
		0AB8D1A71CBB1A6100C36197 /* rocket-smoke-2.png in Resources */ = {isa = PBXBuildFile; fileRef = 0AB8D13B1CBB1A6100C36197 /* rocket-smoke-2.png */; };
		0AB8D1A81CBB1A6100C36197 /* rocket-smoke-3.png in Resources */ = {isa = PBXBuildFile; fileRef = 0AB8D13C1CBB1A6100C36197 /* rocket-smoke-3.png */; };
		0AB8D1A91CBB1A6100C36197 /* rocket-smoke-4.png in Resources */ = {isa = PBXBuildFile; fileRef = 0AB8D13D1CBB1A6100C36197 /* rocket-smoke-4.png */; };
		0AB8D1AA1CBB1A6100C36197 /* rocket-smoke-5.png in Resources */ = {isa = PBXBuildFile; fileRef = 0AB8D13E1CBB1A6100C36197 /* rocket-smoke-5.png */; };
		0AB8D1AB1CBB1A6100C36197 /* rocket-smoke-6.png in Resources */ = {isa = PBXBuildFile; fileRef = 0AB8D13F1CBB1A6100C36197 /* rocket-smoke-6.png */; };
		0AB8D1AC1CBB1A6100C36197 /* rocket-smoke-7.png in Resources */ = {isa = PBXBuildFile; fileRef = 0AB8D1401CBB1A6100C36197 /* rocket-smoke-7.png */; };
		0AB8D1AD1CBB1A6100C36197 /* rocket-smoke-8.png in Resources */ = {isa = PBXBuildFile; fileRef = 0AB8D1411CBB1A6100C36197 /* rocket-smoke-8.png */; };
		0AB8D1AE1CBB1A6100C36197 /* rocket-smoke-9.png in Resources */ = {isa = PBXBuildFile; fileRef = 0AB8D1421CBB1A6100C36197 /* rocket-smoke-9.png */; };
		0AB8D1AF1CBB1A6100C36197 /* rocket.png in Resources */ = {isa = PBXBuildFile; fileRef = 0AB8D1431CBB1A6100C36197 /* rocket.png */; };
		0AB8D1B01CBB1A6100C36197 /* wheel.png in Resources */ = {isa = PBXBuildFile; fileRef = 0AB8D1441CBB1A6100C36197 /* wheel.png */; };
		0AB8D1B31CBB21F900C36197 /* huahuaViewController.m in Sources */ = {isa = PBXBuildFile; fileRef = 0AB8D1B21CBB21F900C36197 /* huahuaViewController.m */; };
		0AB8D1B71CBB228100C36197 /* 1.png in Resources */ = {isa = PBXBuildFile; fileRef = 0AB8D1B41CBB228100C36197 /* 1.png */; };
		0AB8D1B81CBB228100C36197 /* 2.png in Resources */ = {isa = PBXBuildFile; fileRef = 0AB8D1B51CBB228100C36197 /* 2.png */; };
		0AB8D1B91CBB228100C36197 /* 8018.jpg in Resources */ = {isa = PBXBuildFile; fileRef = 0AB8D1B61CBB228100C36197 /* 8018.jpg */; };
		92F996D81C98087D00CCB873 /* 96dda144ad34598253df57ff0af431adcbef8402.jpg in Resources */ = {isa = PBXBuildFile; fileRef = 92F996D71C98087D00CCB873 /* 96dda144ad34598253df57ff0af431adcbef8402.jpg */; };
		A80DE4931C9666E600651780 /* GrounderSuperView.m in Sources */ = {isa = PBXBuildFile; fileRef = A80DE4901C9666E600651780 /* GrounderSuperView.m */; };
		A80DE4941C9666E600651780 /* GrounderView.m in Sources */ = {isa = PBXBuildFile; fileRef = A80DE4921C9666E600651780 /* GrounderView.m */; };
		A82592081C8EA39C00B8FC78 /* main.m in Sources */ = {isa = PBXBuildFile; fileRef = A82592071C8EA39C00B8FC78 /* main.m */; };
		A825920B1C8EA39C00B8FC78 /* AppDelegate.m in Sources */ = {isa = PBXBuildFile; fileRef = A825920A1C8EA39C00B8FC78 /* AppDelegate.m */; };
		A825920E1C8EA39C00B8FC78 /* ViewController.m in Sources */ = {isa = PBXBuildFile; fileRef = A825920D1C8EA39C00B8FC78 /* ViewController.m */; };
		A82592111C8EA39C00B8FC78 /* Main.storyboard in Resources */ = {isa = PBXBuildFile; fileRef = A825920F1C8EA39C00B8FC78 /* Main.storyboard */; };
		A82592131C8EA39C00B8FC78 /* Assets.xcassets in Resources */ = {isa = PBXBuildFile; fileRef = A82592121C8EA39C00B8FC78 /* Assets.xcassets */; };
		A82592161C8EA39C00B8FC78 /* LaunchScreen.storyboard in Resources */ = {isa = PBXBuildFile; fileRef = A82592141C8EA39C00B8FC78 /* LaunchScreen.storyboard */; };
		A82592211C8EA39C00B8FC78 /* GrounderDemoTests.m in Sources */ = {isa = PBXBuildFile; fileRef = A82592201C8EA39C00B8FC78 /* GrounderDemoTests.m */; };
		A825922C1C8EA39C00B8FC78 /* GrounderDemoUITests.m in Sources */ = {isa = PBXBuildFile; fileRef = A825922B1C8EA39C00B8FC78 /* GrounderDemoUITests.m */; };
/* End PBXBuildFile section */

/* Begin PBXContainerItemProxy section */
		A825921D1C8EA39C00B8FC78 /* PBXContainerItemProxy */ = {
			isa = PBXContainerItemProxy;
			containerPortal = A82591FB1C8EA39C00B8FC78 /* Project object */;
			proxyType = 1;
			remoteGlobalIDString = A82592021C8EA39C00B8FC78;
			remoteInfo = GrounderDemo;
		};
		A82592281C8EA39C00B8FC78 /* PBXContainerItemProxy */ = {
			isa = PBXContainerItemProxy;
			containerPortal = A82591FB1C8EA39C00B8FC78 /* Project object */;
			proxyType = 1;
			remoteGlobalIDString = A82592021C8EA39C00B8FC78;
			remoteInfo = GrounderDemo;
		};
/* End PBXContainerItemProxy section */

/* Begin PBXFileReference section */
		0AB8D0CD1CBB180000C36197 /* draw.h */ = {isa = PBXFileReference; fileEncoding = 4; lastKnownFileType = sourcecode.c.h; path = draw.h; sourceTree = "<group>"; };
		0AB8D0CE1CBB180000C36197 /* draw.m */ = {isa = PBXFileReference; fileEncoding = 4; lastKnownFileType = sourcecode.c.objc; path = draw.m; sourceTree = "<group>"; };
		0AB8D0D01CBB181D00C36197 /* paoCheViewController.h */ = {isa = PBXFileReference; fileEncoding = 4; lastKnownFileType = sourcecode.c.h; path = paoCheViewController.h; sourceTree = "<group>"; };
		0AB8D0D11CBB181D00C36197 /* paoCheViewController.m */ = {isa = PBXFileReference; fileEncoding = 4; lastKnownFileType = sourcecode.c.objc; path = paoCheViewController.m; sourceTree = "<group>"; };
		0AB8D0D51CBB1A6100C36197 /* lambo-b1.png */ = {isa = PBXFileReference; lastKnownFileType = image.png; path = "lambo-b1.png"; sourceTree = "<group>"; };
		0AB8D0D61CBB1A6100C36197 /* lambo-b2.png */ = {isa = PBXFileReference; lastKnownFileType = image.png; path = "lambo-b2.png"; sourceTree = "<group>"; };
		0AB8D0D71CBB1A6100C36197 /* lambo-b3.png */ = {isa = PBXFileReference; lastKnownFileType = image.png; path = "lambo-b3.png"; sourceTree = "<group>"; };
		0AB8D0D81CBB1A6100C36197 /* lambo-b4.png */ = {isa = PBXFileReference; lastKnownFileType = image.png; path = "lambo-b4.png"; sourceTree = "<group>"; };
		0AB8D0D91CBB1A6100C36197 /* lambo-f1.png */ = {isa = PBXFileReference; lastKnownFileType = image.png; path = "lambo-f1.png"; sourceTree = "<group>"; };
		0AB8D0DA1CBB1A6100C36197 /* lambo-f2.png */ = {isa = PBXFileReference; lastKnownFileType = image.png; path = "lambo-f2.png"; sourceTree = "<group>"; };
		0AB8D0DB1CBB1A6100C36197 /* lambo-f3.png */ = {isa = PBXFileReference; lastKnownFileType = image.png; path = "lambo-f3.png"; sourceTree = "<group>"; };
		0AB8D0DC1CBB1A6100C36197 /* lambo-f4.png */ = {isa = PBXFileReference; lastKnownFileType = image.png; path = "lambo-f4.png"; sourceTree = "<group>"; };
		0AB8D0DD1CBB1A6100C36197 /* lambo-light.png */ = {isa = PBXFileReference; lastKnownFileType = image.png; path = "lambo-light.png"; sourceTree = "<group>"; };
		0AB8D0DE1CBB1A6100C36197 /* lambo.png */ = {isa = PBXFileReference; lastKnownFileType = image.png; path = lambo.png; sourceTree = "<group>"; };
		0AB8D0DF1CBB1A6100C36197 /* porche-b1.png */ = {isa = PBXFileReference; lastKnownFileType = image.png; path = "porche-b1.png"; sourceTree = "<group>"; };
		0AB8D0E01CBB1A6100C36197 /* porche-b2.png */ = {isa = PBXFileReference; lastKnownFileType = image.png; path = "porche-b2.png"; sourceTree = "<group>"; };
		0AB8D0E11CBB1A6100C36197 /* porche-b3.png */ = {isa = PBXFileReference; lastKnownFileType = image.png; path = "porche-b3.png"; sourceTree = "<group>"; };
		0AB8D0E21CBB1A6100C36197 /* porche-b4.png */ = {isa = PBXFileReference; lastKnownFileType = image.png; path = "porche-b4.png"; sourceTree = "<group>"; };
		0AB8D0E31CBB1A6100C36197 /* porche-f1.png */ = {isa = PBXFileReference; lastKnownFileType = image.png; path = "porche-f1.png"; sourceTree = "<group>"; };
		0AB8D0E41CBB1A6100C36197 /* porche-f2.png */ = {isa = PBXFileReference; lastKnownFileType = image.png; path = "porche-f2.png"; sourceTree = "<group>"; };
		0AB8D0E51CBB1A6100C36197 /* porche-f3.png */ = {isa = PBXFileReference; lastKnownFileType = image.png; path = "porche-f3.png"; sourceTree = "<group>"; };
		0AB8D0E61CBB1A6100C36197 /* porche-f4.png */ = {isa = PBXFileReference; lastKnownFileType = image.png; path = "porche-f4.png"; sourceTree = "<group>"; };
		0AB8D0E71CBB1A6100C36197 /* porche-light.png */ = {isa = PBXFileReference; lastKnownFileType = image.png; path = "porche-light.png"; sourceTree = "<group>"; };
		0AB8D0E81CBB1A6100C36197 /* porche.png */ = {isa = PBXFileReference; lastKnownFileType = image.png; path = porche.png; sourceTree = "<group>"; };
		0AB8D0EA1CBB1A6100C36197 /* 1314-1.png */ = {isa = PBXFileReference; lastKnownFileType = image.png; path = "1314-1.png"; sourceTree = "<group>"; };
		0AB8D0EB1CBB1A6100C36197 /* 1314-2.png */ = {isa = PBXFileReference; lastKnownFileType = image.png; path = "1314-2.png"; sourceTree = "<group>"; };
		0AB8D0EC1CBB1A6100C36197 /* 1314-3.png */ = {isa = PBXFileReference; lastKnownFileType = image.png; path = "1314-3.png"; sourceTree = "<group>"; };
		0AB8D0ED1CBB1A6100C36197 /* 1314-4.png */ = {isa = PBXFileReference; lastKnownFileType = image.png; path = "1314-4.png"; sourceTree = "<group>"; };
		0AB8D0EE1CBB1A6100C36197 /* 1314-5.png */ = {isa = PBXFileReference; lastKnownFileType = image.png; path = "1314-5.png"; sourceTree = "<group>"; };
		0AB8D0EF1CBB1A6100C36197 /* 1314-light.png */ = {isa = PBXFileReference; lastKnownFileType = image.png; path = "1314-light.png"; sourceTree = "<group>"; };
		0AB8D0F01CBB1A6100C36197 /* 1314-num.png */ = {isa = PBXFileReference; lastKnownFileType = image.png; path = "1314-num.png"; sourceTree = "<group>"; };
		0AB8D0F21CBB1A6100C36197 /* meteor_01.png */ = {isa = PBXFileReference; lastKnownFileType = image.png; path = meteor_01.png; sourceTree = "<group>"; };
		0AB8D0F31CBB1A6100C36197 /* meteor_02.png */ = {isa = PBXFileReference; lastKnownFileType = image.png; path = meteor_02.png; sourceTree = "<group>"; };
		0AB8D0F41CBB1A6100C36197 /* meteor_03.png */ = {isa = PBXFileReference; lastKnownFileType = image.png; path = meteor_03.png; sourceTree = "<group>"; };
		0AB8D0F51CBB1A6100C36197 /* meteor_04.png */ = {isa = PBXFileReference; lastKnownFileType = image.png; path = meteor_04.png; sourceTree = "<group>"; };
		0AB8D0F61CBB1A6100C36197 /* meteor_05.png */ = {isa = PBXFileReference; lastKnownFileType = image.png; path = meteor_05.png; sourceTree = "<group>"; };
		0AB8D0F71CBB1A6100C36197 /* meteor_06.png */ = {isa = PBXFileReference; lastKnownFileType = image.png; path = meteor_06.png; sourceTree = "<group>"; };
		0AB8D0F81CBB1A6100C36197 /* meteor_07.png */ = {isa = PBXFileReference; lastKnownFileType = image.png; path = meteor_07.png; sourceTree = "<group>"; };
		0AB8D0F91CBB1A6100C36197 /* meteor_08.png */ = {isa = PBXFileReference; lastKnownFileType = image.png; path = meteor_08.png; sourceTree = "<group>"; };
		0AB8D0FA1CBB1A6100C36197 /* meteor_09.png */ = {isa = PBXFileReference; lastKnownFileType = image.png; path = meteor_09.png; sourceTree = "<group>"; };
		0AB8D0FB1CBB1A6100C36197 /* meteor_10.png */ = {isa = PBXFileReference; lastKnownFileType = image.png; path = meteor_10.png; sourceTree = "<group>"; };
		0AB8D0FC1CBB1A6100C36197 /* meteor_11.png */ = {isa = PBXFileReference; lastKnownFileType = image.png; path = meteor_11.png; sourceTree = "<group>"; };
		0AB8D0FD1CBB1A6100C36197 /* meteor_12.png */ = {isa = PBXFileReference; lastKnownFileType = image.png; path = meteor_12.png; sourceTree = "<group>"; };
		0AB8D0FE1CBB1A6100C36197 /* meteor_13.png */ = {isa = PBXFileReference; lastKnownFileType = image.png; path = meteor_13.png; sourceTree = "<group>"; };
		0AB8D0FF1CBB1A6100C36197 /* meteor_14.png */ = {isa = PBXFileReference; lastKnownFileType = image.png; path = meteor_14.png; sourceTree = "<group>"; };
		0AB8D1001CBB1A6100C36197 /* meteor_after_01.png */ = {isa = PBXFileReference; lastKnownFileType = image.png; path = meteor_after_01.png; sourceTree = "<group>"; };
		0AB8D1011CBB1A6100C36197 /* meteor_after_02.png */ = {isa = PBXFileReference; lastKnownFileType = image.png; path = meteor_after_02.png; sourceTree = "<group>"; };
		0AB8D1021CBB1A6100C36197 /* meteor_after_03.png */ = {isa = PBXFileReference; lastKnownFileType = image.png; path = meteor_after_03.png; sourceTree = "<group>"; };
		0AB8D1031CBB1A6100C36197 /* meteor_after_04.png */ = {isa = PBXFileReference; lastKnownFileType = image.png; path = meteor_after_04.png; sourceTree = "<group>"; };
		0AB8D1041CBB1A6100C36197 /* meteor_after_05.png */ = {isa = PBXFileReference; lastKnownFileType = image.png; path = meteor_after_05.png; sourceTree = "<group>"; };
		0AB8D1051CBB1A6100C36197 /* meteor_after_06.png */ = {isa = PBXFileReference; lastKnownFileType = image.png; path = meteor_after_06.png; sourceTree = "<group>"; };
		0AB8D1061CBB1A6100C36197 /* meteor_after_07.png */ = {isa = PBXFileReference; lastKnownFileType = image.png; path = meteor_after_07.png; sourceTree = "<group>"; };
		0AB8D1071CBB1A6100C36197 /* meteor_after_08.png */ = {isa = PBXFileReference; lastKnownFileType = image.png; path = meteor_after_08.png; sourceTree = "<group>"; };
		0AB8D1081CBB1A6100C36197 /* meteor_after_09.png */ = {isa = PBXFileReference; lastKnownFileType = image.png; path = meteor_after_09.png; sourceTree = "<group>"; };
		0AB8D1091CBB1A6100C36197 /* meteor_after_10.png */ = {isa = PBXFileReference; lastKnownFileType = image.png; path = meteor_after_10.png; sourceTree = "<group>"; };
		0AB8D10A1CBB1A6100C36197 /* meteor_after_11.png */ = {isa = PBXFileReference; lastKnownFileType = image.png; path = meteor_after_11.png; sourceTree = "<group>"; };
		0AB8D10B1CBB1A6100C36197 /* meteor_after_12.png */ = {isa = PBXFileReference; lastKnownFileType = image.png; path = meteor_after_12.png; sourceTree = "<group>"; };
		0AB8D10C1CBB1A6100C36197 /* meteor_after_13.png */ = {isa = PBXFileReference; lastKnownFileType = image.png; path = meteor_after_13.png; sourceTree = "<group>"; };
		0AB8D10D1CBB1A6100C36197 /* meteor_after_14.png */ = {isa = PBXFileReference; lastKnownFileType = image.png; path = meteor_after_14.png; sourceTree = "<group>"; };
		0AB8D10E1CBB1A6100C36197 /* meteor_after_15.png */ = {isa = PBXFileReference; lastKnownFileType = image.png; path = meteor_after_15.png; sourceTree = "<group>"; };
		0AB8D10F1CBB1A6100C36197 /* meteor_after_16.png */ = {isa = PBXFileReference; lastKnownFileType = image.png; path = meteor_after_16.png; sourceTree = "<group>"; };
		0AB8D1101CBB1A6100C36197 /* meteor_after_17.png */ = {isa = PBXFileReference; lastKnownFileType = image.png; path = meteor_after_17.png; sourceTree = "<group>"; };
		0AB8D1111CBB1A6100C36197 /* meteor_after_18.png */ = {isa = PBXFileReference; lastKnownFileType = image.png; path = meteor_after_18.png; sourceTree = "<group>"; };
		0AB8D1121CBB1A6100C36197 /* meteor_after_19.png */ = {isa = PBXFileReference; lastKnownFileType = image.png; path = meteor_after_19.png; sourceTree = "<group>"; };
		0AB8D1131CBB1A6100C36197 /* meteor_after_20.png */ = {isa = PBXFileReference; lastKnownFileType = image.png; path = meteor_after_20.png; sourceTree = "<group>"; };
		0AB8D1141CBB1A6100C36197 /* meteor_after_21.png */ = {isa = PBXFileReference; lastKnownFileType = image.png; path = meteor_after_21.png; sourceTree = "<group>"; };
		0AB8D1151CBB1A6100C36197 /* meteor_after_22.png */ = {isa = PBXFileReference; lastKnownFileType = image.png; path = meteor_after_22.png; sourceTree = "<group>"; };
		0AB8D1161CBB1A6100C36197 /* meteor_after_23.png */ = {isa = PBXFileReference; lastKnownFileType = image.png; path = meteor_after_23.png; sourceTree = "<group>"; };
		0AB8D1171CBB1A6100C36197 /* meteor_after_24.png */ = {isa = PBXFileReference; lastKnownFileType = image.png; path = meteor_after_24.png; sourceTree = "<group>"; };
		0AB8D1181CBB1A6100C36197 /* meteor_after_25.png */ = {isa = PBXFileReference; lastKnownFileType = image.png; path = meteor_after_25.png; sourceTree = "<group>"; };
		0AB8D1191CBB1A6100C36197 /* meteor_after_26.png */ = {isa = PBXFileReference; lastKnownFileType = image.png; path = meteor_after_26.png; sourceTree = "<group>"; };
		0AB8D11A1CBB1A6100C36197 /* meteor_after_27.png */ = {isa = PBXFileReference; lastKnownFileType = image.png; path = meteor_after_27.png; sourceTree = "<group>"; };
		0AB8D11B1CBB1A6100C36197 /* meteor_blink.png */ = {isa = PBXFileReference; lastKnownFileType = image.png; path = meteor_blink.png; sourceTree = "<group>"; };
		0AB8D11D1CBB1A6100C36197 /* plane-flower-1.png */ = {isa = PBXFileReference; lastKnownFileType = image.png; path = "plane-flower-1.png"; sourceTree = "<group>"; };
		0AB8D11E1CBB1A6100C36197 /* plane-flower-2.png */ = {isa = PBXFileReference; lastKnownFileType = image.png; path = "plane-flower-2.png"; sourceTree = "<group>"; };
		0AB8D11F1CBB1A6100C36197 /* plane-flower-3.png */ = {isa = PBXFileReference; lastKnownFileType = image.png; path = "plane-flower-3.png"; sourceTree = "<group>"; };
		0AB8D1201CBB1A6100C36197 /* plane-flower-4.png */ = {isa = PBXFileReference; lastKnownFileType = image.png; path = "plane-flower-4.png"; sourceTree = "<group>"; };
		0AB8D1211CBB1A6100C36197 /* plane-flower-5.png */ = {isa = PBXFileReference; lastKnownFileType = image.png; path = "plane-flower-5.png"; sourceTree = "<group>"; };
		0AB8D1221CBB1A6100C36197 /* plane-flower-6.png */ = {isa = PBXFileReference; lastKnownFileType = image.png; path = "plane-flower-6.png"; sourceTree = "<group>"; };
		0AB8D1231CBB1A6100C36197 /* plane-head.png */ = {isa = PBXFileReference; lastKnownFileType = image.png; path = "plane-head.png"; sourceTree = "<group>"; };
		0AB8D1241CBB1A6100C36197 /* plane-light.png */ = {isa = PBXFileReference; lastKnownFileType = image.png; path = "plane-light.png"; sourceTree = "<group>"; };
		0AB8D1251CBB1A6100C36197 /* plane-screw-1-1.png */ = {isa = PBXFileReference; lastKnownFileType = image.png; path = "plane-screw-1-1.png"; sourceTree = "<group>"; };
		0AB8D1261CBB1A6100C36197 /* plane-screw-1-2.png */ = {isa = PBXFileReference; lastKnownFileType = image.png; path = "plane-screw-1-2.png"; sourceTree = "<group>"; };
		0AB8D1271CBB1A6100C36197 /* plane-screw-1-3.png */ = {isa = PBXFileReference; lastKnownFileType = image.png; path = "plane-screw-1-3.png"; sourceTree = "<group>"; };
		0AB8D1281CBB1A6100C36197 /* plane-screw-3-1.png */ = {isa = PBXFileReference; lastKnownFileType = image.png; path = "plane-screw-3-1.png"; sourceTree = "<group>"; };
		0AB8D1291CBB1A6100C36197 /* plane-screw-3-2.png */ = {isa = PBXFileReference; lastKnownFileType = image.png; path = "plane-screw-3-2.png"; sourceTree = "<group>"; };
		0AB8D12A1CBB1A6100C36197 /* plane-screw-3-3.png */ = {isa = PBXFileReference; lastKnownFileType = image.png; path = "plane-screw-3-3.png"; sourceTree = "<group>"; };
		0AB8D12B1CBB1A6100C36197 /* plane-screw-4-1.png */ = {isa = PBXFileReference; lastKnownFileType = image.png; path = "plane-screw-4-1.png"; sourceTree = "<group>"; };
		0AB8D12C1CBB1A6100C36197 /* plane-screw-4-2.png */ = {isa = PBXFileReference; lastKnownFileType = image.png; path = "plane-screw-4-2.png"; sourceTree = "<group>"; };
		0AB8D12D1CBB1A6100C36197 /* plane-screw-4-3.png */ = {isa = PBXFileReference; lastKnownFileType = image.png; path = "plane-screw-4-3.png"; sourceTree = "<group>"; };
		0AB8D12E1CBB1A6100C36197 /* plane-tail.png */ = {isa = PBXFileReference; lastKnownFileType = image.png; path = "plane-tail.png"; sourceTree = "<group>"; };
		0AB8D1301CBB1A6100C36197 /* rocket-fire-1.png */ = {isa = PBXFileReference; lastKnownFileType = image.png; path = "rocket-fire-1.png"; sourceTree = "<group>"; };
		0AB8D1311CBB1A6100C36197 /* rocket-fire-2.png */ = {isa = PBXFileReference; lastKnownFileType = image.png; path = "rocket-fire-2.png"; sourceTree = "<group>"; };
		0AB8D1321CBB1A6100C36197 /* rocket-fire-3.png */ = {isa = PBXFileReference; lastKnownFileType = image.png; path = "rocket-fire-3.png"; sourceTree = "<group>"; };
		0AB8D1331CBB1A6100C36197 /* rocket-fire-4.png */ = {isa = PBXFileReference; lastKnownFileType = image.png; path = "rocket-fire-4.png"; sourceTree = "<group>"; };
		0AB8D1341CBB1A6100C36197 /* rocket-fire-5.png */ = {isa = PBXFileReference; lastKnownFileType = image.png; path = "rocket-fire-5.png"; sourceTree = "<group>"; };
		0AB8D1351CBB1A6100C36197 /* rocket-fire-6.png */ = {isa = PBXFileReference; lastKnownFileType = image.png; path = "rocket-fire-6.png"; sourceTree = "<group>"; };
		0AB8D1361CBB1A6100C36197 /* rocket-smoke-1.png */ = {isa = PBXFileReference; lastKnownFileType = image.png; path = "rocket-smoke-1.png"; sourceTree = "<group>"; };
		0AB8D1371CBB1A6100C36197 /* rocket-smoke-10.png */ = {isa = PBXFileReference; lastKnownFileType = image.png; path = "rocket-smoke-10.png"; sourceTree = "<group>"; };
		0AB8D1381CBB1A6100C36197 /* rocket-smoke-11.png */ = {isa = PBXFileReference; lastKnownFileType = image.png; path = "rocket-smoke-11.png"; sourceTree = "<group>"; };
		0AB8D1391CBB1A6100C36197 /* rocket-smoke-12.png */ = {isa = PBXFileReference; lastKnownFileType = image.png; path = "rocket-smoke-12.png"; sourceTree = "<group>"; };
		0AB8D13A1CBB1A6100C36197 /* rocket-smoke-13.png */ = {isa = PBXFileReference; lastKnownFileType = image.png; path = "rocket-smoke-13.png"; sourceTree = "<group>"; };
		0AB8D13B1CBB1A6100C36197 /* rocket-smoke-2.png */ = {isa = PBXFileReference; lastKnownFileType = image.png; path = "rocket-smoke-2.png"; sourceTree = "<group>"; };
		0AB8D13C1CBB1A6100C36197 /* rocket-smoke-3.png */ = {isa = PBXFileReference; lastKnownFileType = image.png; path = "rocket-smoke-3.png"; sourceTree = "<group>"; };
		0AB8D13D1CBB1A6100C36197 /* rocket-smoke-4.png */ = {isa = PBXFileReference; lastKnownFileType = image.png; path = "rocket-smoke-4.png"; sourceTree = "<group>"; };
		0AB8D13E1CBB1A6100C36197 /* rocket-smoke-5.png */ = {isa = PBXFileReference; lastKnownFileType = image.png; path = "rocket-smoke-5.png"; sourceTree = "<group>"; };
		0AB8D13F1CBB1A6100C36197 /* rocket-smoke-6.png */ = {isa = PBXFileReference; lastKnownFileType = image.png; path = "rocket-smoke-6.png"; sourceTree = "<group>"; };
		0AB8D1401CBB1A6100C36197 /* rocket-smoke-7.png */ = {isa = PBXFileReference; lastKnownFileType = image.png; path = "rocket-smoke-7.png"; sourceTree = "<group>"; };
		0AB8D1411CBB1A6100C36197 /* rocket-smoke-8.png */ = {isa = PBXFileReference; lastKnownFileType = image.png; path = "rocket-smoke-8.png"; sourceTree = "<group>"; };
		0AB8D1421CBB1A6100C36197 /* rocket-smoke-9.png */ = {isa = PBXFileReference; lastKnownFileType = image.png; path = "rocket-smoke-9.png"; sourceTree = "<group>"; };
		0AB8D1431CBB1A6100C36197 /* rocket.png */ = {isa = PBXFileReference; lastKnownFileType = image.png; path = rocket.png; sourceTree = "<group>"; };
		0AB8D1441CBB1A6100C36197 /* wheel.png */ = {isa = PBXFileReference; lastKnownFileType = image.png; path = wheel.png; sourceTree = "<group>"; };
		0AB8D1B11CBB21F900C36197 /* huahuaViewController.h */ = {isa = PBXFileReference; fileEncoding = 4; lastKnownFileType = sourcecode.c.h; path = huahuaViewController.h; sourceTree = "<group>"; };
		0AB8D1B21CBB21F900C36197 /* huahuaViewController.m */ = {isa = PBXFileReference; fileEncoding = 4; lastKnownFileType = sourcecode.c.objc; path = huahuaViewController.m; sourceTree = "<group>"; };
		0AB8D1B41CBB228100C36197 /* 1.png */ = {isa = PBXFileReference; lastKnownFileType = image.png; path = 1.png; sourceTree = "<group>"; };
		0AB8D1B51CBB228100C36197 /* 2.png */ = {isa = PBXFileReference; lastKnownFileType = image.png; path = 2.png; sourceTree = "<group>"; };
		0AB8D1B61CBB228100C36197 /* 8018.jpg */ = {isa = PBXFileReference; lastKnownFileType = image.jpeg; path = 8018.jpg; sourceTree = "<group>"; };
		92F996D71C98087D00CCB873 /* 96dda144ad34598253df57ff0af431adcbef8402.jpg */ = {isa = PBXFileReference; lastKnownFileType = image.jpeg; path = 96dda144ad34598253df57ff0af431adcbef8402.jpg; sourceTree = "<group>"; };
		A80DE48F1C9666E600651780 /* GrounderSuperView.h */ = {isa = PBXFileReference; fileEncoding = 4; lastKnownFileType = sourcecode.c.h; path = GrounderSuperView.h; sourceTree = "<group>"; };
		A80DE4901C9666E600651780 /* GrounderSuperView.m */ = {isa = PBXFileReference; fileEncoding = 4; lastKnownFileType = sourcecode.c.objc; path = GrounderSuperView.m; sourceTree = "<group>"; };
		A80DE4911C9666E600651780 /* GrounderView.h */ = {isa = PBXFileReference; fileEncoding = 4; lastKnownFileType = sourcecode.c.h; path = GrounderView.h; sourceTree = "<group>"; };
		A80DE4921C9666E600651780 /* GrounderView.m */ = {isa = PBXFileReference; fileEncoding = 4; lastKnownFileType = sourcecode.c.objc; path = GrounderView.m; sourceTree = "<group>"; };
		A82592031C8EA39C00B8FC78 /* GrounderDemo.app */ = {isa = PBXFileReference; explicitFileType = wrapper.application; includeInIndex = 0; path = GrounderDemo.app; sourceTree = BUILT_PRODUCTS_DIR; };
		A82592071C8EA39C00B8FC78 /* main.m */ = {isa = PBXFileReference; lastKnownFileType = sourcecode.c.objc; path = main.m; sourceTree = "<group>"; };
		A82592091C8EA39C00B8FC78 /* AppDelegate.h */ = {isa = PBXFileReference; lastKnownFileType = sourcecode.c.h; path = AppDelegate.h; sourceTree = "<group>"; };
		A825920A1C8EA39C00B8FC78 /* AppDelegate.m */ = {isa = PBXFileReference; lastKnownFileType = sourcecode.c.objc; path = AppDelegate.m; sourceTree = "<group>"; };
		A825920C1C8EA39C00B8FC78 /* ViewController.h */ = {isa = PBXFileReference; lastKnownFileType = sourcecode.c.h; path = ViewController.h; sourceTree = "<group>"; };
		A825920D1C8EA39C00B8FC78 /* ViewController.m */ = {isa = PBXFileReference; lastKnownFileType = sourcecode.c.objc; path = ViewController.m; sourceTree = "<group>"; };
		A82592101C8EA39C00B8FC78 /* Base */ = {isa = PBXFileReference; lastKnownFileType = file.storyboard; name = Base; path = Base.lproj/Main.storyboard; sourceTree = "<group>"; };
		A82592121C8EA39C00B8FC78 /* Assets.xcassets */ = {isa = PBXFileReference; lastKnownFileType = folder.assetcatalog; path = Assets.xcassets; sourceTree = "<group>"; };
		A82592151C8EA39C00B8FC78 /* Base */ = {isa = PBXFileReference; lastKnownFileType = file.storyboard; name = Base; path = Base.lproj/LaunchScreen.storyboard; sourceTree = "<group>"; };
		A82592171C8EA39C00B8FC78 /* Info.plist */ = {isa = PBXFileReference; lastKnownFileType = text.plist.xml; path = Info.plist; sourceTree = "<group>"; };
		A825921C1C8EA39C00B8FC78 /* GrounderDemoTests.xctest */ = {isa = PBXFileReference; explicitFileType = wrapper.cfbundle; includeInIndex = 0; path = GrounderDemoTests.xctest; sourceTree = BUILT_PRODUCTS_DIR; };
		A82592201C8EA39C00B8FC78 /* GrounderDemoTests.m */ = {isa = PBXFileReference; lastKnownFileType = sourcecode.c.objc; path = GrounderDemoTests.m; sourceTree = "<group>"; };
		A82592221C8EA39C00B8FC78 /* Info.plist */ = {isa = PBXFileReference; lastKnownFileType = text.plist.xml; path = Info.plist; sourceTree = "<group>"; };
		A82592271C8EA39C00B8FC78 /* GrounderDemoUITests.xctest */ = {isa = PBXFileReference; explicitFileType = wrapper.cfbundle; includeInIndex = 0; path = GrounderDemoUITests.xctest; sourceTree = BUILT_PRODUCTS_DIR; };
		A825922B1C8EA39C00B8FC78 /* GrounderDemoUITests.m */ = {isa = PBXFileReference; lastKnownFileType = sourcecode.c.objc; path = GrounderDemoUITests.m; sourceTree = "<group>"; };
		A825922D1C8EA39C00B8FC78 /* Info.plist */ = {isa = PBXFileReference; lastKnownFileType = text.plist.xml; path = Info.plist; sourceTree = "<group>"; };
/* End PBXFileReference section */

/* Begin PBXFrameworksBuildPhase section */
		A82592001C8EA39C00B8FC78 /* Frameworks */ = {
			isa = PBXFrameworksBuildPhase;
			buildActionMask = 2147483647;
			files = (
			);
			runOnlyForDeploymentPostprocessing = 0;
		};
		A82592191C8EA39C00B8FC78 /* Frameworks */ = {
			isa = PBXFrameworksBuildPhase;
			buildActionMask = 2147483647;
			files = (
			);
			runOnlyForDeploymentPostprocessing = 0;
		};
		A82592241C8EA39C00B8FC78 /* Frameworks */ = {
			isa = PBXFrameworksBuildPhase;
			buildActionMask = 2147483647;
			files = (
			);
			runOnlyForDeploymentPostprocessing = 0;
		};
/* End PBXFrameworksBuildPhase section */

/* Begin PBXGroup section */
		0AB8D0D31CBB1A6100C36197 /* 动画素材 */ = {
			isa = PBXGroup;
			children = (
				0AB8D1B41CBB228100C36197 /* 1.png */,
				0AB8D1B51CBB228100C36197 /* 2.png */,
				0AB8D1B61CBB228100C36197 /* 8018.jpg */,
				0AB8D0D41CBB1A6100C36197 /* car */,
				0AB8D0E91CBB1A6100C36197 /* flower */,
				0AB8D0F11CBB1A6100C36197 /* meteor */,
				0AB8D11C1CBB1A6100C36197 /* plane */,
				0AB8D12F1CBB1A6100C36197 /* rocket */,
				0AB8D1441CBB1A6100C36197 /* wheel.png */,
			);
			path = "动画素材";
			sourceTree = "<group>";
		};
		0AB8D0D41CBB1A6100C36197 /* car */ = {
			isa = PBXGroup;
			children = (
				0AB8D0D51CBB1A6100C36197 /* lambo-b1.png */,
				0AB8D0D61CBB1A6100C36197 /* lambo-b2.png */,
				0AB8D0D71CBB1A6100C36197 /* lambo-b3.png */,
				0AB8D0D81CBB1A6100C36197 /* lambo-b4.png */,
				0AB8D0D91CBB1A6100C36197 /* lambo-f1.png */,
				0AB8D0DA1CBB1A6100C36197 /* lambo-f2.png */,
				0AB8D0DB1CBB1A6100C36197 /* lambo-f3.png */,
				0AB8D0DC1CBB1A6100C36197 /* lambo-f4.png */,
				0AB8D0DD1CBB1A6100C36197 /* lambo-light.png */,
				0AB8D0DE1CBB1A6100C36197 /* lambo.png */,
				0AB8D0DF1CBB1A6100C36197 /* porche-b1.png */,
				0AB8D0E01CBB1A6100C36197 /* porche-b2.png */,
				0AB8D0E11CBB1A6100C36197 /* porche-b3.png */,
				0AB8D0E21CBB1A6100C36197 /* porche-b4.png */,
				0AB8D0E31CBB1A6100C36197 /* porche-f1.png */,
				0AB8D0E41CBB1A6100C36197 /* porche-f2.png */,
				0AB8D0E51CBB1A6100C36197 /* porche-f3.png */,
				0AB8D0E61CBB1A6100C36197 /* porche-f4.png */,
				0AB8D0E71CBB1A6100C36197 /* porche-light.png */,
				0AB8D0E81CBB1A6100C36197 /* porche.png */,
			);
			path = car;
			sourceTree = "<group>";
		};
		0AB8D0E91CBB1A6100C36197 /* flower */ = {
			isa = PBXGroup;
			children = (
				0AB8D0EA1CBB1A6100C36197 /* 1314-1.png */,
				0AB8D0EB1CBB1A6100C36197 /* 1314-2.png */,
				0AB8D0EC1CBB1A6100C36197 /* 1314-3.png */,
				0AB8D0ED1CBB1A6100C36197 /* 1314-4.png */,
				0AB8D0EE1CBB1A6100C36197 /* 1314-5.png */,
				0AB8D0EF1CBB1A6100C36197 /* 1314-light.png */,
				0AB8D0F01CBB1A6100C36197 /* 1314-num.png */,
			);
			path = flower;
			sourceTree = "<group>";
		};
		0AB8D0F11CBB1A6100C36197 /* meteor */ = {
			isa = PBXGroup;
			children = (
				0AB8D0F21CBB1A6100C36197 /* meteor_01.png */,
				0AB8D0F31CBB1A6100C36197 /* meteor_02.png */,
				0AB8D0F41CBB1A6100C36197 /* meteor_03.png */,
				0AB8D0F51CBB1A6100C36197 /* meteor_04.png */,
				0AB8D0F61CBB1A6100C36197 /* meteor_05.png */,
				0AB8D0F71CBB1A6100C36197 /* meteor_06.png */,
				0AB8D0F81CBB1A6100C36197 /* meteor_07.png */,
				0AB8D0F91CBB1A6100C36197 /* meteor_08.png */,
				0AB8D0FA1CBB1A6100C36197 /* meteor_09.png */,
				0AB8D0FB1CBB1A6100C36197 /* meteor_10.png */,
				0AB8D0FC1CBB1A6100C36197 /* meteor_11.png */,
				0AB8D0FD1CBB1A6100C36197 /* meteor_12.png */,
				0AB8D0FE1CBB1A6100C36197 /* meteor_13.png */,
				0AB8D0FF1CBB1A6100C36197 /* meteor_14.png */,
				0AB8D1001CBB1A6100C36197 /* meteor_after_01.png */,
				0AB8D1011CBB1A6100C36197 /* meteor_after_02.png */,
				0AB8D1021CBB1A6100C36197 /* meteor_after_03.png */,
				0AB8D1031CBB1A6100C36197 /* meteor_after_04.png */,
				0AB8D1041CBB1A6100C36197 /* meteor_after_05.png */,
				0AB8D1051CBB1A6100C36197 /* meteor_after_06.png */,
				0AB8D1061CBB1A6100C36197 /* meteor_after_07.png */,
				0AB8D1071CBB1A6100C36197 /* meteor_after_08.png */,
				0AB8D1081CBB1A6100C36197 /* meteor_after_09.png */,
				0AB8D1091CBB1A6100C36197 /* meteor_after_10.png */,
				0AB8D10A1CBB1A6100C36197 /* meteor_after_11.png */,
				0AB8D10B1CBB1A6100C36197 /* meteor_after_12.png */,
				0AB8D10C1CBB1A6100C36197 /* meteor_after_13.png */,
				0AB8D10D1CBB1A6100C36197 /* meteor_after_14.png */,
				0AB8D10E1CBB1A6100C36197 /* meteor_after_15.png */,
				0AB8D10F1CBB1A6100C36197 /* meteor_after_16.png */,
				0AB8D1101CBB1A6100C36197 /* meteor_after_17.png */,
				0AB8D1111CBB1A6100C36197 /* meteor_after_18.png */,
				0AB8D1121CBB1A6100C36197 /* meteor_after_19.png */,
				0AB8D1131CBB1A6100C36197 /* meteor_after_20.png */,
				0AB8D1141CBB1A6100C36197 /* meteor_after_21.png */,
				0AB8D1151CBB1A6100C36197 /* meteor_after_22.png */,
				0AB8D1161CBB1A6100C36197 /* meteor_after_23.png */,
				0AB8D1171CBB1A6100C36197 /* meteor_after_24.png */,
				0AB8D1181CBB1A6100C36197 /* meteor_after_25.png */,
				0AB8D1191CBB1A6100C36197 /* meteor_after_26.png */,
				0AB8D11A1CBB1A6100C36197 /* meteor_after_27.png */,
				0AB8D11B1CBB1A6100C36197 /* meteor_blink.png */,
			);
			path = meteor;
			sourceTree = "<group>";
		};
		0AB8D11C1CBB1A6100C36197 /* plane */ = {
			isa = PBXGroup;
			children = (
				0AB8D11D1CBB1A6100C36197 /* plane-flower-1.png */,
				0AB8D11E1CBB1A6100C36197 /* plane-flower-2.png */,
				0AB8D11F1CBB1A6100C36197 /* plane-flower-3.png */,
				0AB8D1201CBB1A6100C36197 /* plane-flower-4.png */,
				0AB8D1211CBB1A6100C36197 /* plane-flower-5.png */,
				0AB8D1221CBB1A6100C36197 /* plane-flower-6.png */,
				0AB8D1231CBB1A6100C36197 /* plane-head.png */,
				0AB8D1241CBB1A6100C36197 /* plane-light.png */,
				0AB8D1251CBB1A6100C36197 /* plane-screw-1-1.png */,
				0AB8D1261CBB1A6100C36197 /* plane-screw-1-2.png */,
				0AB8D1271CBB1A6100C36197 /* plane-screw-1-3.png */,
				0AB8D1281CBB1A6100C36197 /* plane-screw-3-1.png */,
				0AB8D1291CBB1A6100C36197 /* plane-screw-3-2.png */,
				0AB8D12A1CBB1A6100C36197 /* plane-screw-3-3.png */,
				0AB8D12B1CBB1A6100C36197 /* plane-screw-4-1.png */,
				0AB8D12C1CBB1A6100C36197 /* plane-screw-4-2.png */,
				0AB8D12D1CBB1A6100C36197 /* plane-screw-4-3.png */,
				0AB8D12E1CBB1A6100C36197 /* plane-tail.png */,
			);
			path = plane;
			sourceTree = "<group>";
		};
		0AB8D12F1CBB1A6100C36197 /* rocket */ = {
			isa = PBXGroup;
			children = (
				0AB8D1301CBB1A6100C36197 /* rocket-fire-1.png */,
				0AB8D1311CBB1A6100C36197 /* rocket-fire-2.png */,
				0AB8D1321CBB1A6100C36197 /* rocket-fire-3.png */,
				0AB8D1331CBB1A6100C36197 /* rocket-fire-4.png */,
				0AB8D1341CBB1A6100C36197 /* rocket-fire-5.png */,
				0AB8D1351CBB1A6100C36197 /* rocket-fire-6.png */,
				0AB8D1361CBB1A6100C36197 /* rocket-smoke-1.png */,
				0AB8D1371CBB1A6100C36197 /* rocket-smoke-10.png */,
				0AB8D1381CBB1A6100C36197 /* rocket-smoke-11.png */,
				0AB8D1391CBB1A6100C36197 /* rocket-smoke-12.png */,
				0AB8D13A1CBB1A6100C36197 /* rocket-smoke-13.png */,
				0AB8D13B1CBB1A6100C36197 /* rocket-smoke-2.png */,
				0AB8D13C1CBB1A6100C36197 /* rocket-smoke-3.png */,
				0AB8D13D1CBB1A6100C36197 /* rocket-smoke-4.png */,
				0AB8D13E1CBB1A6100C36197 /* rocket-smoke-5.png */,
				0AB8D13F1CBB1A6100C36197 /* rocket-smoke-6.png */,
				0AB8D1401CBB1A6100C36197 /* rocket-smoke-7.png */,
				0AB8D1411CBB1A6100C36197 /* rocket-smoke-8.png */,
				0AB8D1421CBB1A6100C36197 /* rocket-smoke-9.png */,
				0AB8D1431CBB1A6100C36197 /* rocket.png */,
			);
			path = rocket;
			sourceTree = "<group>";
		};
		A82591FA1C8EA39C00B8FC78 = {
			isa = PBXGroup;
			children = (
				A82592051C8EA39C00B8FC78 /* GrounderDemo */,
				A825921F1C8EA39C00B8FC78 /* GrounderDemoTests */,
				A825922A1C8EA39C00B8FC78 /* GrounderDemoUITests */,
				A82592041C8EA39C00B8FC78 /* Products */,
			);
			sourceTree = "<group>";
		};
		A82592041C8EA39C00B8FC78 /* Products */ = {
			isa = PBXGroup;
			children = (
				A82592031C8EA39C00B8FC78 /* GrounderDemo.app */,
				A825921C1C8EA39C00B8FC78 /* GrounderDemoTests.xctest */,
				A82592271C8EA39C00B8FC78 /* GrounderDemoUITests.xctest */,
			);
			name = Products;
			sourceTree = "<group>";
		};
		A82592051C8EA39C00B8FC78 /* GrounderDemo */ = {
			isa = PBXGroup;
			children = (
				92F996D71C98087D00CCB873 /* 96dda144ad34598253df57ff0af431adcbef8402.jpg */,
				A82592091C8EA39C00B8FC78 /* AppDelegate.h */,
				A825920A1C8EA39C00B8FC78 /* AppDelegate.m */,
				A825920C1C8EA39C00B8FC78 /* ViewController.h */,
				A825920D1C8EA39C00B8FC78 /* ViewController.m */,
				0AB8D0D01CBB181D00C36197 /* paoCheViewController.h */,
				0AB8D0D11CBB181D00C36197 /* paoCheViewController.m */,
				0AB8D1B11CBB21F900C36197 /* huahuaViewController.h */,
				0AB8D1B21CBB21F900C36197 /* huahuaViewController.m */,
				A80DE48F1C9666E600651780 /* GrounderSuperView.h */,
				A80DE4901C9666E600651780 /* GrounderSuperView.m */,
				A80DE4911C9666E600651780 /* GrounderView.h */,
				A80DE4921C9666E600651780 /* GrounderView.m */,
				0AB8D0CD1CBB180000C36197 /* draw.h */,
				0AB8D0CE1CBB180000C36197 /* draw.m */,
				0AB8D0D31CBB1A6100C36197 /* 动画素材 */,
				A825920F1C8EA39C00B8FC78 /* Main.storyboard */,
				A82592121C8EA39C00B8FC78 /* Assets.xcassets */,
				A82592141C8EA39C00B8FC78 /* LaunchScreen.storyboard */,
				A82592171C8EA39C00B8FC78 /* Info.plist */,
				A82592061C8EA39C00B8FC78 /* Supporting Files */,
			);
			path = GrounderDemo;
			sourceTree = "<group>";
		};
		A82592061C8EA39C00B8FC78 /* Supporting Files */ = {
			isa = PBXGroup;
			children = (
				A82592071C8EA39C00B8FC78 /* main.m */,
			);
			name = "Supporting Files";
			sourceTree = "<group>";
		};
		A825921F1C8EA39C00B8FC78 /* GrounderDemoTests */ = {
			isa = PBXGroup;
			children = (
				A82592201C8EA39C00B8FC78 /* GrounderDemoTests.m */,
				A82592221C8EA39C00B8FC78 /* Info.plist */,
			);
			path = GrounderDemoTests;
			sourceTree = "<group>";
		};
		A825922A1C8EA39C00B8FC78 /* GrounderDemoUITests */ = {
			isa = PBXGroup;
			children = (
				A825922B1C8EA39C00B8FC78 /* GrounderDemoUITests.m */,
				A825922D1C8EA39C00B8FC78 /* Info.plist */,
			);
			path = GrounderDemoUITests;
			sourceTree = "<group>";
		};
/* End PBXGroup section */

/* Begin PBXNativeTarget section */
		A82592021C8EA39C00B8FC78 /* GrounderDemo */ = {
			isa = PBXNativeTarget;
			buildConfigurationList = A82592301C8EA39C00B8FC78 /* Build configuration list for PBXNativeTarget "GrounderDemo" */;
			buildPhases = (
				A82591FF1C8EA39C00B8FC78 /* Sources */,
				A82592001C8EA39C00B8FC78 /* Frameworks */,
				A82592011C8EA39C00B8FC78 /* Resources */,
			);
			buildRules = (
			);
			dependencies = (
			);
			name = GrounderDemo;
			productName = GrounderDemo;
			productReference = A82592031C8EA39C00B8FC78 /* GrounderDemo.app */;
			productType = "com.apple.product-type.application";
		};
		A825921B1C8EA39C00B8FC78 /* GrounderDemoTests */ = {
			isa = PBXNativeTarget;
			buildConfigurationList = A82592331C8EA39C00B8FC78 /* Build configuration list for PBXNativeTarget "GrounderDemoTests" */;
			buildPhases = (
				A82592181C8EA39C00B8FC78 /* Sources */,
				A82592191C8EA39C00B8FC78 /* Frameworks */,
				A825921A1C8EA39C00B8FC78 /* Resources */,
			);
			buildRules = (
			);
			dependencies = (
				A825921E1C8EA39C00B8FC78 /* PBXTargetDependency */,
			);
			name = GrounderDemoTests;
			productName = GrounderDemoTests;
			productReference = A825921C1C8EA39C00B8FC78 /* GrounderDemoTests.xctest */;
			productType = "com.apple.product-type.bundle.unit-test";
		};
		A82592261C8EA39C00B8FC78 /* GrounderDemoUITests */ = {
			isa = PBXNativeTarget;
			buildConfigurationList = A82592361C8EA39C00B8FC78 /* Build configuration list for PBXNativeTarget "GrounderDemoUITests" */;
			buildPhases = (
				A82592231C8EA39C00B8FC78 /* Sources */,
				A82592241C8EA39C00B8FC78 /* Frameworks */,
				A82592251C8EA39C00B8FC78 /* Resources */,
			);
			buildRules = (
			);
			dependencies = (
				A82592291C8EA39C00B8FC78 /* PBXTargetDependency */,
			);
			name = GrounderDemoUITests;
			productName = GrounderDemoUITests;
			productReference = A82592271C8EA39C00B8FC78 /* GrounderDemoUITests.xctest */;
			productType = "com.apple.product-type.bundle.ui-testing";
		};
/* End PBXNativeTarget section */

/* Begin PBXProject section */
		A82591FB1C8EA39C00B8FC78 /* Project object */ = {
			isa = PBXProject;
			attributes = {
				LastUpgradeCheck = 0720;
				ORGANIZATIONNAME = "贾楠";
				TargetAttributes = {
					A82592021C8EA39C00B8FC78 = {
						CreatedOnToolsVersion = 7.2.1;
						DevelopmentTeam = 4VDPFYNK56;
					};
					A825921B1C8EA39C00B8FC78 = {
						CreatedOnToolsVersion = 7.2.1;
						TestTargetID = A82592021C8EA39C00B8FC78;
					};
					A82592261C8EA39C00B8FC78 = {
						CreatedOnToolsVersion = 7.2.1;
						TestTargetID = A82592021C8EA39C00B8FC78;
					};
				};
			};
			buildConfigurationList = A82591FE1C8EA39C00B8FC78 /* Build configuration list for PBXProject "GrounderDemo" */;
			compatibilityVersion = "Xcode 3.2";
			developmentRegion = English;
			hasScannedForEncodings = 0;
			knownRegions = (
				en,
				Base,
			);
			mainGroup = A82591FA1C8EA39C00B8FC78;
			productRefGroup = A82592041C8EA39C00B8FC78 /* Products */;
			projectDirPath = "";
			projectRoot = "";
			targets = (
				A82592021C8EA39C00B8FC78 /* GrounderDemo */,
				A825921B1C8EA39C00B8FC78 /* GrounderDemoTests */,
				A82592261C8EA39C00B8FC78 /* GrounderDemoUITests */,
			);
		};
/* End PBXProject section */

/* Begin PBXResourcesBuildPhase section */
		A82592011C8EA39C00B8FC78 /* Resources */ = {
			isa = PBXResourcesBuildPhase;
			buildActionMask = 2147483647;
			files = (
				0AB8D1AB1CBB1A6100C36197 /* rocket-smoke-6.png in Resources */,
				92F996D81C98087D00CCB873 /* 96dda144ad34598253df57ff0af431adcbef8402.jpg in Resources */,
				0AB8D1531CBB1A6100C36197 /* porche-f1.png in Resources */,
				0AB8D1611CBB1A6100C36197 /* meteor_02.png in Resources */,
				0AB8D1551CBB1A6100C36197 /* porche-f3.png in Resources */,
				A82592161C8EA39C00B8FC78 /* LaunchScreen.storyboard in Resources */,
				0AB8D1701CBB1A6100C36197 /* meteor_after_03.png in Resources */,
				0AB8D17A1CBB1A6100C36197 /* meteor_after_13.png in Resources */,
				0AB8D19E1CBB1A6100C36197 /* rocket-fire-3.png in Resources */,
				0AB8D1AF1CBB1A6100C36197 /* rocket.png in Resources */,
				0AB8D1951CBB1A6100C36197 /* plane-screw-3-1.png in Resources */,
				0AB8D1A81CBB1A6100C36197 /* rocket-smoke-3.png in Resources */,
				0AB8D1A61CBB1A6100C36197 /* rocket-smoke-13.png in Resources */,
				0AB8D16B1CBB1A6100C36197 /* meteor_12.png in Resources */,
				0AB8D19B1CBB1A6100C36197 /* plane-tail.png in Resources */,
				0AB8D1671CBB1A6100C36197 /* meteor_08.png in Resources */,
				0AB8D1B71CBB228100C36197 /* 1.png in Resources */,
				0AB8D19D1CBB1A6100C36197 /* rocket-fire-2.png in Resources */,
				0AB8D18C1CBB1A6100C36197 /* plane-flower-3.png in Resources */,
				0AB8D1651CBB1A6100C36197 /* meteor_06.png in Resources */,
				0AB8D19C1CBB1A6100C36197 /* rocket-fire-1.png in Resources */,
				0AB8D1501CBB1A6100C36197 /* porche-b2.png in Resources */,
				0AB8D1B91CBB228100C36197 /* 8018.jpg in Resources */,
				0AB8D1881CBB1A6100C36197 /* meteor_after_27.png in Resources */,
				0AB8D1911CBB1A6100C36197 /* plane-light.png in Resources */,
				0AB8D14F1CBB1A6100C36197 /* porche-b1.png in Resources */,
				0AB8D1801CBB1A6100C36197 /* meteor_after_19.png in Resources */,
				0AB8D1971CBB1A6100C36197 /* plane-screw-3-3.png in Resources */,
				0AB8D19A1CBB1A6100C36197 /* plane-screw-4-3.png in Resources */,
				0AB8D18E1CBB1A6100C36197 /* plane-flower-5.png in Resources */,
				0AB8D1A31CBB1A6100C36197 /* rocket-smoke-10.png in Resources */,
				0AB8D1491CBB1A6100C36197 /* lambo-f1.png in Resources */,
				0AB8D1781CBB1A6100C36197 /* meteor_after_11.png in Resources */,
				0AB8D17E1CBB1A6100C36197 /* meteor_after_17.png in Resources */,
				0AB8D15C1CBB1A6100C36197 /* 1314-4.png in Resources */,
				0AB8D1B01CBB1A6100C36197 /* wheel.png in Resources */,
				0AB8D14A1CBB1A6100C36197 /* lambo-f2.png in Resources */,
				0AB8D14B1CBB1A6100C36197 /* lambo-f3.png in Resources */,
				0AB8D1661CBB1A6100C36197 /* meteor_07.png in Resources */,
				0AB8D16C1CBB1A6100C36197 /* meteor_13.png in Resources */,
				0AB8D1AA1CBB1A6100C36197 /* rocket-smoke-5.png in Resources */,
				0AB8D15D1CBB1A6100C36197 /* 1314-5.png in Resources */,
				0AB8D18F1CBB1A6100C36197 /* plane-flower-6.png in Resources */,
				0AB8D1AE1CBB1A6100C36197 /* rocket-smoke-9.png in Resources */,
				0AB8D1571CBB1A6100C36197 /* porche-light.png in Resources */,
				0AB8D1601CBB1A6100C36197 /* meteor_01.png in Resources */,
				0AB8D1A91CBB1A6100C36197 /* rocket-smoke-4.png in Resources */,
				0AB8D1931CBB1A6100C36197 /* plane-screw-1-2.png in Resources */,
				0AB8D15B1CBB1A6100C36197 /* 1314-3.png in Resources */,
				0AB8D18D1CBB1A6100C36197 /* plane-flower-4.png in Resources */,
				0AB8D1631CBB1A6100C36197 /* meteor_04.png in Resources */,
				0AB8D16E1CBB1A6100C36197 /* meteor_after_01.png in Resources */,
				0AB8D17F1CBB1A6100C36197 /* meteor_after_18.png in Resources */,
				0AB8D15E1CBB1A6100C36197 /* 1314-light.png in Resources */,
				0AB8D1AD1CBB1A6100C36197 /* rocket-smoke-8.png in Resources */,
				0AB8D1B81CBB228100C36197 /* 2.png in Resources */,
				0AB8D1A11CBB1A6100C36197 /* rocket-fire-6.png in Resources */,
				0AB8D1681CBB1A6100C36197 /* meteor_09.png in Resources */,
				0AB8D14D1CBB1A6100C36197 /* lambo-light.png in Resources */,
				0AB8D14C1CBB1A6100C36197 /* lambo-f4.png in Resources */,
				0AB8D18B1CBB1A6100C36197 /* plane-flower-2.png in Resources */,
				0AB8D16A1CBB1A6100C36197 /* meteor_11.png in Resources */,
				0AB8D1541CBB1A6100C36197 /* porche-f2.png in Resources */,
				0AB8D1751CBB1A6100C36197 /* meteor_after_08.png in Resources */,
				0AB8D1AC1CBB1A6100C36197 /* rocket-smoke-7.png in Resources */,
				0AB8D1641CBB1A6100C36197 /* meteor_05.png in Resources */,
				0AB8D14E1CBB1A6100C36197 /* lambo.png in Resources */,
				0AB8D1941CBB1A6100C36197 /* plane-screw-1-3.png in Resources */,
				0AB8D17D1CBB1A6100C36197 /* meteor_after_16.png in Resources */,
				0AB8D1851CBB1A6100C36197 /* meteor_after_24.png in Resources */,
				A82592131C8EA39C00B8FC78 /* Assets.xcassets in Resources */,
				0AB8D1451CBB1A6100C36197 /* lambo-b1.png in Resources */,
				0AB8D1741CBB1A6100C36197 /* meteor_after_07.png in Resources */,
				0AB8D1721CBB1A6100C36197 /* meteor_after_05.png in Resources */,
				0AB8D1831CBB1A6100C36197 /* meteor_after_22.png in Resources */,
				0AB8D1511CBB1A6100C36197 /* porche-b3.png in Resources */,
				A82592111C8EA39C00B8FC78 /* Main.storyboard in Resources */,
				0AB8D1891CBB1A6100C36197 /* meteor_blink.png in Resources */,
				0AB8D1711CBB1A6100C36197 /* meteor_after_04.png in Resources */,
				0AB8D1691CBB1A6100C36197 /* meteor_10.png in Resources */,
				0AB8D1A01CBB1A6100C36197 /* rocket-fire-5.png in Resources */,
				0AB8D15F1CBB1A6100C36197 /* 1314-num.png in Resources */,
				0AB8D1961CBB1A6100C36197 /* plane-screw-3-2.png in Resources */,
				0AB8D1A21CBB1A6100C36197 /* rocket-smoke-1.png in Resources */,
				0AB8D1821CBB1A6100C36197 /* meteor_after_21.png in Resources */,
				0AB8D1771CBB1A6100C36197 /* meteor_after_10.png in Resources */,
				0AB8D1761CBB1A6100C36197 /* meteor_after_09.png in Resources */,
				0AB8D1871CBB1A6100C36197 /* meteor_after_26.png in Resources */,
				0AB8D16F1CBB1A6100C36197 /* meteor_after_02.png in Resources */,
				0AB8D17B1CBB1A6100C36197 /* meteor_after_14.png in Resources */,
				0AB8D16D1CBB1A6100C36197 /* meteor_14.png in Resources */,
				0AB8D1A51CBB1A6100C36197 /* rocket-smoke-12.png in Resources */,
				0AB8D1A71CBB1A6100C36197 /* rocket-smoke-2.png in Resources */,
				0AB8D1591CBB1A6100C36197 /* 1314-1.png in Resources */,
				0AB8D19F1CBB1A6100C36197 /* rocket-fire-4.png in Resources */,
				0AB8D1981CBB1A6100C36197 /* plane-screw-4-1.png in Resources */,
				0AB8D1901CBB1A6100C36197 /* plane-head.png in Resources */,
				0AB8D1841CBB1A6100C36197 /* meteor_after_23.png in Resources */,
				0AB8D1921CBB1A6100C36197 /* plane-screw-1-1.png in Resources */,
				0AB8D1791CBB1A6100C36197 /* meteor_after_12.png in Resources */,
				0AB8D1521CBB1A6100C36197 /* porche-b4.png in Resources */,
				0AB8D1861CBB1A6100C36197 /* meteor_after_25.png in Resources */,
				0AB8D1481CBB1A6100C36197 /* lambo-b4.png in Resources */,
				0AB8D15A1CBB1A6100C36197 /* 1314-2.png in Resources */,
				0AB8D1A41CBB1A6100C36197 /* rocket-smoke-11.png in Resources */,
				0AB8D1471CBB1A6100C36197 /* lambo-b3.png in Resources */,
				0AB8D1561CBB1A6100C36197 /* porche-f4.png in Resources */,
				0AB8D1811CBB1A6100C36197 /* meteor_after_20.png in Resources */,
				0AB8D1991CBB1A6100C36197 /* plane-screw-4-2.png in Resources */,
				0AB8D1731CBB1A6100C36197 /* meteor_after_06.png in Resources */,
				0AB8D17C1CBB1A6100C36197 /* meteor_after_15.png in Resources */,
				0AB8D1581CBB1A6100C36197 /* porche.png in Resources */,
				0AB8D18A1CBB1A6100C36197 /* plane-flower-1.png in Resources */,
				0AB8D1621CBB1A6100C36197 /* meteor_03.png in Resources */,
				0AB8D1461CBB1A6100C36197 /* lambo-b2.png in Resources */,
			);
			runOnlyForDeploymentPostprocessing = 0;
		};
		A825921A1C8EA39C00B8FC78 /* Resources */ = {
			isa = PBXResourcesBuildPhase;
			buildActionMask = 2147483647;
			files = (
			);
			runOnlyForDeploymentPostprocessing = 0;
		};
		A82592251C8EA39C00B8FC78 /* Resources */ = {
			isa = PBXResourcesBuildPhase;
			buildActionMask = 2147483647;
			files = (
			);
			runOnlyForDeploymentPostprocessing = 0;
		};
/* End PBXResourcesBuildPhase section */

/* Begin PBXSourcesBuildPhase section */
		A82591FF1C8EA39C00B8FC78 /* Sources */ = {
			isa = PBXSourcesBuildPhase;
			buildActionMask = 2147483647;
			files = (
				0AB8D0D21CBB181D00C36197 /* paoCheViewController.m in Sources */,
				A825920E1C8EA39C00B8FC78 /* ViewController.m in Sources */,
				A825920B1C8EA39C00B8FC78 /* AppDelegate.m in Sources */,
				A80DE4931C9666E600651780 /* GrounderSuperView.m in Sources */,
				0AB8D1B31CBB21F900C36197 /* huahuaViewController.m in Sources */,
				0AB8D0CF1CBB180000C36197 /* draw.m in Sources */,
				A80DE4941C9666E600651780 /* GrounderView.m in Sources */,
				A82592081C8EA39C00B8FC78 /* main.m in Sources */,
			);
			runOnlyForDeploymentPostprocessing = 0;
		};
		A82592181C8EA39C00B8FC78 /* Sources */ = {
			isa = PBXSourcesBuildPhase;
			buildActionMask = 2147483647;
			files = (
				A82592211C8EA39C00B8FC78 /* GrounderDemoTests.m in Sources */,
			);
			runOnlyForDeploymentPostprocessing = 0;
		};
		A82592231C8EA39C00B8FC78 /* Sources */ = {
			isa = PBXSourcesBuildPhase;
			buildActionMask = 2147483647;
			files = (
				A825922C1C8EA39C00B8FC78 /* GrounderDemoUITests.m in Sources */,
			);
			runOnlyForDeploymentPostprocessing = 0;
		};
/* End PBXSourcesBuildPhase section */

/* Begin PBXTargetDependency section */
		A825921E1C8EA39C00B8FC78 /* PBXTargetDependency */ = {
			isa = PBXTargetDependency;
			target = A82592021C8EA39C00B8FC78 /* GrounderDemo */;
			targetProxy = A825921D1C8EA39C00B8FC78 /* PBXContainerItemProxy */;
		};
		A82592291C8EA39C00B8FC78 /* PBXTargetDependency */ = {
			isa = PBXTargetDependency;
			target = A82592021C8EA39C00B8FC78 /* GrounderDemo */;
			targetProxy = A82592281C8EA39C00B8FC78 /* PBXContainerItemProxy */;
		};
/* End PBXTargetDependency section */

/* Begin PBXVariantGroup section */
		A825920F1C8EA39C00B8FC78 /* Main.storyboard */ = {
			isa = PBXVariantGroup;
			children = (
				A82592101C8EA39C00B8FC78 /* Base */,
			);
			name = Main.storyboard;
			sourceTree = "<group>";
		};
		A82592141C8EA39C00B8FC78 /* LaunchScreen.storyboard */ = {
			isa = PBXVariantGroup;
			children = (
				A82592151C8EA39C00B8FC78 /* Base */,
			);
			name = LaunchScreen.storyboard;
			sourceTree = "<group>";
		};
/* End PBXVariantGroup section */

/* Begin XCBuildConfiguration section */
		A825922E1C8EA39C00B8FC78 /* Debug */ = {
			isa = XCBuildConfiguration;
			buildSettings = {
				ALWAYS_SEARCH_USER_PATHS = NO;
				CLANG_CXX_LANGUAGE_STANDARD = "gnu++0x";
				CLANG_CXX_LIBRARY = "libc++";
				CLANG_ENABLE_MODULES = YES;
				CLANG_ENABLE_OBJC_ARC = YES;
				CLANG_WARN_BOOL_CONVERSION = YES;
				CLANG_WARN_CONSTANT_CONVERSION = YES;
				CLANG_WARN_DIRECT_OBJC_ISA_USAGE = YES_ERROR;
				CLANG_WARN_EMPTY_BODY = YES;
				CLANG_WARN_ENUM_CONVERSION = YES;
				CLANG_WARN_INT_CONVERSION = YES;
				CLANG_WARN_OBJC_ROOT_CLASS = YES_ERROR;
				CLANG_WARN_UNREACHABLE_CODE = YES;
				CLANG_WARN__DUPLICATE_METHOD_MATCH = YES;
				"CODE_SIGN_IDENTITY[sdk=iphoneos*]" = "iPhone Developer";
				COPY_PHASE_STRIP = NO;
				DEBUG_INFORMATION_FORMAT = dwarf;
				ENABLE_STRICT_OBJC_MSGSEND = YES;
				ENABLE_TESTABILITY = YES;
				GCC_C_LANGUAGE_STANDARD = gnu99;
				GCC_DYNAMIC_NO_PIC = NO;
				GCC_NO_COMMON_BLOCKS = YES;
				GCC_OPTIMIZATION_LEVEL = 0;
				GCC_PREPROCESSOR_DEFINITIONS = (
					"DEBUG=1",
					"$(inherited)",
				);
				GCC_WARN_64_TO_32_BIT_CONVERSION = YES;
				GCC_WARN_ABOUT_RETURN_TYPE = YES_ERROR;
				GCC_WARN_UNDECLARED_SELECTOR = YES;
				GCC_WARN_UNINITIALIZED_AUTOS = YES_AGGRESSIVE;
				GCC_WARN_UNUSED_FUNCTION = YES;
				GCC_WARN_UNUSED_VARIABLE = YES;
				IPHONEOS_DEPLOYMENT_TARGET = 9.2;
				MTL_ENABLE_DEBUG_INFO = YES;
				ONLY_ACTIVE_ARCH = YES;
				SDKROOT = iphoneos;
				TARGETED_DEVICE_FAMILY = "1,2";
			};
			name = Debug;
		};
		A825922F1C8EA39C00B8FC78 /* Release */ = {
			isa = XCBuildConfiguration;
			buildSettings = {
				ALWAYS_SEARCH_USER_PATHS = NO;
				CLANG_CXX_LANGUAGE_STANDARD = "gnu++0x";
				CLANG_CXX_LIBRARY = "libc++";
				CLANG_ENABLE_MODULES = YES;
				CLANG_ENABLE_OBJC_ARC = YES;
				CLANG_WARN_BOOL_CONVERSION = YES;
				CLANG_WARN_CONSTANT_CONVERSION = YES;
				CLANG_WARN_DIRECT_OBJC_ISA_USAGE = YES_ERROR;
				CLANG_WARN_EMPTY_BODY = YES;
				CLANG_WARN_ENUM_CONVERSION = YES;
				CLANG_WARN_INT_CONVERSION = YES;
				CLANG_WARN_OBJC_ROOT_CLASS = YES_ERROR;
				CLANG_WARN_UNREACHABLE_CODE = YES;
				CLANG_WARN__DUPLICATE_METHOD_MATCH = YES;
				"CODE_SIGN_IDENTITY[sdk=iphoneos*]" = "iPhone Developer";
				COPY_PHASE_STRIP = NO;
				DEBUG_INFORMATION_FORMAT = "dwarf-with-dsym";
				ENABLE_NS_ASSERTIONS = NO;
				ENABLE_STRICT_OBJC_MSGSEND = YES;
				GCC_C_LANGUAGE_STANDARD = gnu99;
				GCC_NO_COMMON_BLOCKS = YES;
				GCC_WARN_64_TO_32_BIT_CONVERSION = YES;
				GCC_WARN_ABOUT_RETURN_TYPE = YES_ERROR;
				GCC_WARN_UNDECLARED_SELECTOR = YES;
				GCC_WARN_UNINITIALIZED_AUTOS = YES_AGGRESSIVE;
				GCC_WARN_UNUSED_FUNCTION = YES;
				GCC_WARN_UNUSED_VARIABLE = YES;
				IPHONEOS_DEPLOYMENT_TARGET = 9.2;
				MTL_ENABLE_DEBUG_INFO = NO;
				SDKROOT = iphoneos;
				TARGETED_DEVICE_FAMILY = "1,2";
				VALIDATE_PRODUCT = YES;
			};
			name = Release;
		};
		A82592311C8EA39C00B8FC78 /* Debug */ = {
			isa = XCBuildConfiguration;
			buildSettings = {
				ASSETCATALOG_COMPILER_APPICON_NAME = AppIcon;
				CODE_SIGN_IDENTITY = "iPhone Developer";
				"CODE_SIGN_IDENTITY[sdk=iphoneos*]" = "iPhone Developer";
				INFOPLIST_FILE = GrounderDemo/Info.plist;
				IPHONEOS_DEPLOYMENT_TARGET = 7.0;
				LD_RUNPATH_SEARCH_PATHS = "$(inherited) @executable_path/Frameworks";
				PRODUCT_BUNDLE_IDENTIFIER = JX.GrounderDemo;
				PRODUCT_NAME = "$(TARGET_NAME)";
				PROVISIONING_PROFILE = "";
			};
			name = Debug;
		};
		A82592321C8EA39C00B8FC78 /* Release */ = {
			isa = XCBuildConfiguration;
			buildSettings = {
				ASSETCATALOG_COMPILER_APPICON_NAME = AppIcon;
				CODE_SIGN_IDENTITY = "iPhone Developer";
				"CODE_SIGN_IDENTITY[sdk=iphoneos*]" = "iPhone Developer";
				INFOPLIST_FILE = GrounderDemo/Info.plist;
				IPHONEOS_DEPLOYMENT_TARGET = 7.0;
				LD_RUNPATH_SEARCH_PATHS = "$(inherited) @executable_path/Frameworks";
				PRODUCT_BUNDLE_IDENTIFIER = JX.GrounderDemo;
				PRODUCT_NAME = "$(TARGET_NAME)";
				PROVISIONING_PROFILE = "";
			};
			name = Release;
		};
		A82592341C8EA39C00B8FC78 /* Debug */ = {
			isa = XCBuildConfiguration;
			buildSettings = {
				BUNDLE_LOADER = "$(TEST_HOST)";
				INFOPLIST_FILE = GrounderDemoTests/Info.plist;
				LD_RUNPATH_SEARCH_PATHS = "$(inherited) @executable_path/Frameworks @loader_path/Frameworks";
				PRODUCT_BUNDLE_IDENTIFIER = JX.GrounderDemoTests;
				PRODUCT_NAME = "$(TARGET_NAME)";
				TEST_HOST = "$(BUILT_PRODUCTS_DIR)/GrounderDemo.app/GrounderDemo";
			};
			name = Debug;
		};
		A82592351C8EA39C00B8FC78 /* Release */ = {
			isa = XCBuildConfiguration;
			buildSettings = {
				BUNDLE_LOADER = "$(TEST_HOST)";
				INFOPLIST_FILE = GrounderDemoTests/Info.plist;
				LD_RUNPATH_SEARCH_PATHS = "$(inherited) @executable_path/Frameworks @loader_path/Frameworks";
				PRODUCT_BUNDLE_IDENTIFIER = JX.GrounderDemoTests;
				PRODUCT_NAME = "$(TARGET_NAME)";
				TEST_HOST = "$(BUILT_PRODUCTS_DIR)/GrounderDemo.app/GrounderDemo";
			};
			name = Release;
		};
		A82592371C8EA39C00B8FC78 /* Debug */ = {
			isa = XCBuildConfiguration;
			buildSettings = {
				INFOPLIST_FILE = GrounderDemoUITests/Info.plist;
				LD_RUNPATH_SEARCH_PATHS = "$(inherited) @executable_path/Frameworks @loader_path/Frameworks";
				PRODUCT_BUNDLE_IDENTIFIER = JX.GrounderDemoUITests;
				PRODUCT_NAME = "$(TARGET_NAME)";
				TEST_TARGET_NAME = GrounderDemo;
				USES_XCTRUNNER = YES;
			};
			name = Debug;
		};
		A82592381C8EA39C00B8FC78 /* Release */ = {
			isa = XCBuildConfiguration;
			buildSettings = {
				INFOPLIST_FILE = GrounderDemoUITests/Info.plist;
				LD_RUNPATH_SEARCH_PATHS = "$(inherited) @executable_path/Frameworks @loader_path/Frameworks";
				PRODUCT_BUNDLE_IDENTIFIER = JX.GrounderDemoUITests;
				PRODUCT_NAME = "$(TARGET_NAME)";
				TEST_TARGET_NAME = GrounderDemo;
				USES_XCTRUNNER = YES;
			};
			name = Release;
		};
/* End XCBuildConfiguration section */

/* Begin XCConfigurationList section */
		A82591FE1C8EA39C00B8FC78 /* Build configuration list for PBXProject "GrounderDemo" */ = {
			isa = XCConfigurationList;
			buildConfigurations = (
				A825922E1C8EA39C00B8FC78 /* Debug */,
				A825922F1C8EA39C00B8FC78 /* Release */,
			);
			defaultConfigurationIsVisible = 0;
			defaultConfigurationName = Release;
		};
		A82592301C8EA39C00B8FC78 /* Build configuration list for PBXNativeTarget "GrounderDemo" */ = {
			isa = XCConfigurationList;
			buildConfigurations = (
				A82592311C8EA39C00B8FC78 /* Debug */,
				A82592321C8EA39C00B8FC78 /* Release */,
			);
			defaultConfigurationIsVisible = 0;
			defaultConfigurationName = Release;
		};
		A82592331C8EA39C00B8FC78 /* Build configuration list for PBXNativeTarget "GrounderDemoTests" */ = {
			isa = XCConfigurationList;
			buildConfigurations = (
				A82592341C8EA39C00B8FC78 /* Debug */,
				A82592351C8EA39C00B8FC78 /* Release */,
			);
			defaultConfigurationIsVisible = 0;
			defaultConfigurationName = Release;
		};
		A82592361C8EA39C00B8FC78 /* Build configuration list for PBXNativeTarget "GrounderDemoUITests" */ = {
			isa = XCConfigurationList;
			buildConfigurations = (
				A82592371C8EA39C00B8FC78 /* Debug */,
				A82592381C8EA39C00B8FC78 /* Release */,
			);
			defaultConfigurationIsVisible = 0;
			defaultConfigurationName = Release;
		};
/* End XCConfigurationList section */
	};
	rootObject = A82591FB1C8EA39C00B8FC78 /* Project object */;
}
